// !$*UTF8*$!
{
	archiveVersion = 1;
	classes = {
	};
	objectVersion = 48;
	objects = {

/* Begin PBXBuildFile section */
		3D63CC57204B554700797A82 /* LaunchScreen.storyboard in Resources */ = {isa = PBXBuildFile; fileRef = 3D63CC2D204B554700797A82 /* LaunchScreen.storyboard */; };
		3D63CC58204B554700797A82 /* Main.storyboard in Resources */ = {isa = PBXBuildFile; fileRef = 3D63CC2F204B554700797A82 /* Main.storyboard */; };
		3D63CC59204B554700797A82 /* Assets.xcassets in Resources */ = {isa = PBXBuildFile; fileRef = 3D63CC33204B554700797A82 /* Assets.xcassets */; };
		3D63CC5A204B554700797A82 /* NSObject+Name.swift in Sources */ = {isa = PBXBuildFile; fileRef = 3D63CC36204B554700797A82 /* NSObject+Name.swift */; };
		3D63CC5B204B554700797A82 /* AlbumCollectionViewCell.swift in Sources */ = {isa = PBXBuildFile; fileRef = 3D63CC3A204B554700797A82 /* AlbumCollectionViewCell.swift */; };
		3D63CC5C204B554700797A82 /* AlbumsViewController.swift in Sources */ = {isa = PBXBuildFile; fileRef = 3D63CC3B204B554700797A82 /* AlbumsViewController.swift */; };
		3D63CC5D204B554700797A82 /* AlbumViewerTitleView.swift in Sources */ = {isa = PBXBuildFile; fileRef = 3D63CC3D204B554700797A82 /* AlbumViewerTitleView.swift */; };
		3D63CC5E204B554700797A82 /* AlbumViewerViewController.swift in Sources */ = {isa = PBXBuildFile; fileRef = 3D63CC3E204B554700797A82 /* AlbumViewerViewController.swift */; };
		3D63CC5F204B554700797A82 /* AppDelegate.swift in Sources */ = {isa = PBXBuildFile; fileRef = 3D63CC40204B554700797A82 /* AppDelegate.swift */; };
		3D63CC61204B554700797A82 /* Parser.swift in Sources */ = {isa = PBXBuildFile; fileRef = 3D63CC45204B554700797A82 /* Parser.swift */; };
		3D63CC62204B554700797A82 /* GalleryAlbumParser.swift in Sources */ = {isa = PBXBuildFile; fileRef = 3D63CC46204B554700797A82 /* GalleryAlbumParser.swift */; };
		3D63CC63204B554700797A82 /* AssetDownloadManager.swift in Sources */ = {isa = PBXBuildFile; fileRef = 3D63CC49204B554700797A82 /* AssetDownloadManager.swift */; };
		3D63CC64204B554700797A82 /* AssetDownloadItem.swift in Sources */ = {isa = PBXBuildFile; fileRef = 3D63CC4A204B554700797A82 /* AssetDownloadItem.swift */; };
		3D63CC65204B554700797A82 /* AssetDataManager.swift in Sources */ = {isa = PBXBuildFile; fileRef = 3D63CC4B204B554700797A82 /* AssetDataManager.swift */; };
		3D63CC66204B554700797A82 /* GalleryDataManager.swift in Sources */ = {isa = PBXBuildFile; fileRef = 3D63CC4C204B554700797A82 /* GalleryDataManager.swift */; };
		3D63CC67204B554700797A82 /* URLRequest+HTTPBody.swift in Sources */ = {isa = PBXBuildFile; fileRef = 3D63CC4F204B554700797A82 /* URLRequest+HTTPBody.swift */; };
		3D63CC68204B554700797A82 /* RequestConfig.swift in Sources */ = {isa = PBXBuildFile; fileRef = 3D63CC50204B554700797A82 /* RequestConfig.swift */; };
		3D63CC69204B554700797A82 /* URLRequestFactory.swift in Sources */ = {isa = PBXBuildFile; fileRef = 3D63CC51204B554700797A82 /* URLRequestFactory.swift */; };
		3D63CC6A204B554700797A82 /* GalleryURLRequestFactory.swift in Sources */ = {isa = PBXBuildFile; fileRef = 3D63CC52204B554700797A82 /* GalleryURLRequestFactory.swift */; };
		3D63CC6B204B554700797A82 /* GalleryAsset.swift in Sources */ = {isa = PBXBuildFile; fileRef = 3D63CC54204B554700797A82 /* GalleryAsset.swift */; };
		3D63CC6C204B554700797A82 /* GalleryItem.swift in Sources */ = {isa = PBXBuildFile; fileRef = 3D63CC55204B554700797A82 /* GalleryItem.swift */; };
		3D63CC6D204B554700797A82 /* GalleryAlbum.swift in Sources */ = {isa = PBXBuildFile; fileRef = 3D63CC56204B554700797A82 /* GalleryAlbum.swift */; };
		3D63CC76204B555300797A82 /* AssetDownloadItemTests.swift in Sources */ = {isa = PBXBuildFile; fileRef = 3D63CC70204B555300797A82 /* AssetDownloadItemTests.swift */; };
		3D63CC77204B555300797A82 /* AssetDownloadManagerTests.swift in Sources */ = {isa = PBXBuildFile; fileRef = 3D63CC71204B555300797A82 /* AssetDownloadManagerTests.swift */; };
		3D63CC78204B555300797A82 /* NSObject+Swizzle.swift in Sources */ = {isa = PBXBuildFile; fileRef = 3D63CC73204B555300797A82 /* NSObject+Swizzle.swift */; };
		3D63CC79204B555300797A82 /* URLSessionDownloadTaskSpy.swift in Sources */ = {isa = PBXBuildFile; fileRef = 3D63CC74204B555300797A82 /* URLSessionDownloadTaskSpy.swift */; };
/* End PBXBuildFile section */

/* Begin PBXContainerItemProxy section */
		3DE07FE21FFF0F31003C95C0 /* PBXContainerItemProxy */ = {
			isa = PBXContainerItemProxy;
			containerPortal = 3DE07FC11FFF0F31003C95C0 /* Project object */;
			proxyType = 1;
			remoteGlobalIDString = 3DE07FC81FFF0F31003C95C0;
			remoteInfo = "SmartMediaDownloader-Example";
		};
/* End PBXContainerItemProxy section */

/* Begin PBXFileReference section */
		3D63CC2E204B554700797A82 /* Base */ = {isa = PBXFileReference; lastKnownFileType = file.storyboard; name = Base; path = Base.lproj/LaunchScreen.storyboard; sourceTree = "<group>"; };
		3D63CC30204B554700797A82 /* Base */ = {isa = PBXFileReference; lastKnownFileType = file.storyboard; name = Base; path = Base.lproj/Main.storyboard; sourceTree = "<group>"; };
		3D63CC33204B554700797A82 /* Assets.xcassets */ = {isa = PBXFileReference; lastKnownFileType = folder.assetcatalog; path = Assets.xcassets; sourceTree = "<group>"; };
		3D63CC36204B554700797A82 /* NSObject+Name.swift */ = {isa = PBXFileReference; fileEncoding = 4; lastKnownFileType = sourcecode.swift; path = "NSObject+Name.swift"; sourceTree = "<group>"; };
		3D63CC3A204B554700797A82 /* AlbumCollectionViewCell.swift */ = {isa = PBXFileReference; fileEncoding = 4; lastKnownFileType = sourcecode.swift; path = AlbumCollectionViewCell.swift; sourceTree = "<group>"; };
		3D63CC3B204B554700797A82 /* AlbumsViewController.swift */ = {isa = PBXFileReference; fileEncoding = 4; lastKnownFileType = sourcecode.swift; path = AlbumsViewController.swift; sourceTree = "<group>"; };
		3D63CC3D204B554700797A82 /* AlbumViewerTitleView.swift */ = {isa = PBXFileReference; fileEncoding = 4; lastKnownFileType = sourcecode.swift; path = AlbumViewerTitleView.swift; sourceTree = "<group>"; };
		3D63CC3E204B554700797A82 /* AlbumViewerViewController.swift */ = {isa = PBXFileReference; fileEncoding = 4; lastKnownFileType = sourcecode.swift; path = AlbumViewerViewController.swift; sourceTree = "<group>"; };
		3D63CC40204B554700797A82 /* AppDelegate.swift */ = {isa = PBXFileReference; fileEncoding = 4; lastKnownFileType = sourcecode.swift; path = AppDelegate.swift; sourceTree = "<group>"; };
		3D63CC41204B554700797A82 /* Info.plist */ = {isa = PBXFileReference; fileEncoding = 4; lastKnownFileType = text.plist.xml; path = Info.plist; sourceTree = "<group>"; };
		3D63CC45204B554700797A82 /* Parser.swift */ = {isa = PBXFileReference; fileEncoding = 4; lastKnownFileType = sourcecode.swift; path = Parser.swift; sourceTree = "<group>"; };
		3D63CC46204B554700797A82 /* GalleryAlbumParser.swift */ = {isa = PBXFileReference; fileEncoding = 4; lastKnownFileType = sourcecode.swift; path = GalleryAlbumParser.swift; sourceTree = "<group>"; };
		3D63CC49204B554700797A82 /* AssetDownloadManager.swift */ = {isa = PBXFileReference; fileEncoding = 4; lastKnownFileType = sourcecode.swift; path = AssetDownloadManager.swift; sourceTree = "<group>"; };
		3D63CC4A204B554700797A82 /* AssetDownloadItem.swift */ = {isa = PBXFileReference; fileEncoding = 4; lastKnownFileType = sourcecode.swift; path = AssetDownloadItem.swift; sourceTree = "<group>"; };
		3D63CC4B204B554700797A82 /* AssetDataManager.swift */ = {isa = PBXFileReference; fileEncoding = 4; lastKnownFileType = sourcecode.swift; path = AssetDataManager.swift; sourceTree = "<group>"; };
		3D63CC4C204B554700797A82 /* GalleryDataManager.swift */ = {isa = PBXFileReference; fileEncoding = 4; lastKnownFileType = sourcecode.swift; path = GalleryDataManager.swift; sourceTree = "<group>"; };
		3D63CC4F204B554700797A82 /* URLRequest+HTTPBody.swift */ = {isa = PBXFileReference; fileEncoding = 4; lastKnownFileType = sourcecode.swift; path = "URLRequest+HTTPBody.swift"; sourceTree = "<group>"; };
		3D63CC50204B554700797A82 /* RequestConfig.swift */ = {isa = PBXFileReference; fileEncoding = 4; lastKnownFileType = sourcecode.swift; path = RequestConfig.swift; sourceTree = "<group>"; };
		3D63CC51204B554700797A82 /* URLRequestFactory.swift */ = {isa = PBXFileReference; fileEncoding = 4; lastKnownFileType = sourcecode.swift; path = URLRequestFactory.swift; sourceTree = "<group>"; };
		3D63CC52204B554700797A82 /* GalleryURLRequestFactory.swift */ = {isa = PBXFileReference; fileEncoding = 4; lastKnownFileType = sourcecode.swift; path = GalleryURLRequestFactory.swift; sourceTree = "<group>"; };
		3D63CC54204B554700797A82 /* GalleryAsset.swift */ = {isa = PBXFileReference; fileEncoding = 4; lastKnownFileType = sourcecode.swift; path = GalleryAsset.swift; sourceTree = "<group>"; };
		3D63CC55204B554700797A82 /* GalleryItem.swift */ = {isa = PBXFileReference; fileEncoding = 4; lastKnownFileType = sourcecode.swift; path = GalleryItem.swift; sourceTree = "<group>"; };
		3D63CC56204B554700797A82 /* GalleryAlbum.swift */ = {isa = PBXFileReference; fileEncoding = 4; lastKnownFileType = sourcecode.swift; path = GalleryAlbum.swift; sourceTree = "<group>"; };
		3D63CC70204B555300797A82 /* AssetDownloadItemTests.swift */ = {isa = PBXFileReference; fileEncoding = 4; lastKnownFileType = sourcecode.swift; path = AssetDownloadItemTests.swift; sourceTree = "<group>"; };
		3D63CC71204B555300797A82 /* AssetDownloadManagerTests.swift */ = {isa = PBXFileReference; fileEncoding = 4; lastKnownFileType = sourcecode.swift; path = AssetDownloadManagerTests.swift; sourceTree = "<group>"; };
		3D63CC73204B555300797A82 /* NSObject+Swizzle.swift */ = {isa = PBXFileReference; fileEncoding = 4; lastKnownFileType = sourcecode.swift; path = "NSObject+Swizzle.swift"; sourceTree = "<group>"; };
		3D63CC74204B555300797A82 /* URLSessionDownloadTaskSpy.swift */ = {isa = PBXFileReference; fileEncoding = 4; lastKnownFileType = sourcecode.swift; path = URLSessionDownloadTaskSpy.swift; sourceTree = "<group>"; };
		3D63CC75204B555300797A82 /* Info.plist */ = {isa = PBXFileReference; fileEncoding = 4; lastKnownFileType = text.plist.xml; path = Info.plist; sourceTree = "<group>"; };
		3DE07FC91FFF0F31003C95C0 /* DownloadStack-Example.app */ = {isa = PBXFileReference; explicitFileType = wrapper.application; includeInIndex = 0; path = "DownloadStack-Example.app"; sourceTree = BUILT_PRODUCTS_DIR; };
		3DE07FE11FFF0F31003C95C0 /* DownloadStack-ExampleTests.xctest */ = {isa = PBXFileReference; explicitFileType = wrapper.cfbundle; includeInIndex = 0; path = "DownloadStack-ExampleTests.xctest"; sourceTree = BUILT_PRODUCTS_DIR; };
/* End PBXFileReference section */

/* Begin PBXFrameworksBuildPhase section */
		3DE07FC61FFF0F31003C95C0 /* Frameworks */ = {
			isa = PBXFrameworksBuildPhase;
			buildActionMask = 2147483647;
			files = (
			);
			runOnlyForDeploymentPostprocessing = 0;
		};
		3DE07FDE1FFF0F31003C95C0 /* Frameworks */ = {
			isa = PBXFrameworksBuildPhase;
			buildActionMask = 2147483647;
			files = (
			);
			runOnlyForDeploymentPostprocessing = 0;
		};
/* End PBXFrameworksBuildPhase section */

/* Begin PBXGroup section */
		3D63CC2B204B554700797A82 /* DownloadStack-Example */ = {
			isa = PBXGroup;
			children = (
				3D63CC3F204B554700797A82 /* Application */,
				3D63CC42204B554700797A82 /* Data */,
				3D63CC34204B554700797A82 /* Extensions */,
				3D63CC31204B554700797A82 /* Resources */,
				3D63CC2C204B554700797A82 /* Storyboards */,
				3D63CC37204B554700797A82 /* ViewControllers */,
			);
			path = "DownloadStack-Example";
			sourceTree = "<group>";
		};
		3D63CC2C204B554700797A82 /* Storyboards */ = {
			isa = PBXGroup;
			children = (
				3D63CC2D204B554700797A82 /* LaunchScreen.storyboard */,
				3D63CC2F204B554700797A82 /* Main.storyboard */,
			);
			path = Storyboards;
			sourceTree = "<group>";
		};
		3D63CC31204B554700797A82 /* Resources */ = {
			isa = PBXGroup;
			children = (
				3D63CC32204B554700797A82 /* Images */,
			);
			path = Resources;
			sourceTree = "<group>";
		};
		3D63CC32204B554700797A82 /* Images */ = {
			isa = PBXGroup;
			children = (
				3D63CC33204B554700797A82 /* Assets.xcassets */,
			);
			path = Images;
			sourceTree = "<group>";
		};
		3D63CC34204B554700797A82 /* Extensions */ = {
			isa = PBXGroup;
			children = (
				3D63CC35204B554700797A82 /* NSObject */,
			);
			path = Extensions;
			sourceTree = "<group>";
		};
		3D63CC35204B554700797A82 /* NSObject */ = {
			isa = PBXGroup;
			children = (
				3D63CC36204B554700797A82 /* NSObject+Name.swift */,
			);
			path = NSObject;
			sourceTree = "<group>";
		};
		3D63CC37204B554700797A82 /* ViewControllers */ = {
			isa = PBXGroup;
			children = (
				3D63CC38204B554700797A82 /* Albums */,
				3D63CC3C204B554700797A82 /* AlbumViewer */,
			);
			path = ViewControllers;
			sourceTree = "<group>";
		};
		3D63CC38204B554700797A82 /* Albums */ = {
			isa = PBXGroup;
			children = (
				3D63CC39204B554700797A82 /* Cells */,
				3D63CC3B204B554700797A82 /* AlbumsViewController.swift */,
			);
			path = Albums;
			sourceTree = "<group>";
		};
		3D63CC39204B554700797A82 /* Cells */ = {
			isa = PBXGroup;
			children = (
				3D63CC3A204B554700797A82 /* AlbumCollectionViewCell.swift */,
			);
			path = Cells;
			sourceTree = "<group>";
		};
		3D63CC3C204B554700797A82 /* AlbumViewer */ = {
			isa = PBXGroup;
			children = (
				3D63CC3D204B554700797A82 /* AlbumViewerTitleView.swift */,
				3D63CC3E204B554700797A82 /* AlbumViewerViewController.swift */,
			);
			path = AlbumViewer;
			sourceTree = "<group>";
		};
		3D63CC3F204B554700797A82 /* Application */ = {
			isa = PBXGroup;
			children = (
				3D63CC40204B554700797A82 /* AppDelegate.swift */,
				3D63CC41204B554700797A82 /* Info.plist */,
			);
			path = Application;
			sourceTree = "<group>";
		};
		3D63CC42204B554700797A82 /* Data */ = {
			isa = PBXGroup;
			children = (
				3D63CC47204B554700797A82 /* Managers */,
				3D63CC53204B554700797A82 /* Model */,
				3D63CC43204B554700797A82 /* Parsers */,
				3D63CC4D204B554700797A82 /* Requests */,
			);
			path = Data;
			sourceTree = "<group>";
		};
		3D63CC43204B554700797A82 /* Parsers */ = {
			isa = PBXGroup;
			children = (
				3D63CC44204B554700797A82 /* Abstract */,
				3D63CC46204B554700797A82 /* GalleryAlbumParser.swift */,
			);
			path = Parsers;
			sourceTree = "<group>";
		};
		3D63CC44204B554700797A82 /* Abstract */ = {
			isa = PBXGroup;
			children = (
				3D63CC45204B554700797A82 /* Parser.swift */,
			);
			path = Abstract;
			sourceTree = "<group>";
		};
		3D63CC47204B554700797A82 /* Managers */ = {
			isa = PBXGroup;
			children = (
				3D63CC48204B554700797A82 /* Asset */,
				3D63CC4B204B554700797A82 /* AssetDataManager.swift */,
				3D63CC4C204B554700797A82 /* GalleryDataManager.swift */,
			);
			path = Managers;
			sourceTree = "<group>";
		};
		3D63CC48204B554700797A82 /* Asset */ = {
			isa = PBXGroup;
			children = (
				3D63CC49204B554700797A82 /* AssetDownloadManager.swift */,
				3D63CC4A204B554700797A82 /* AssetDownloadItem.swift */,
			);
			path = Asset;
			sourceTree = "<group>";
		};
		3D63CC4D204B554700797A82 /* Requests */ = {
			isa = PBXGroup;
			children = (
				3D63CC4E204B554700797A82 /* Abstract */,
				3D63CC52204B554700797A82 /* GalleryURLRequestFactory.swift */,
			);
			path = Requests;
			sourceTree = "<group>";
		};
		3D63CC4E204B554700797A82 /* Abstract */ = {
			isa = PBXGroup;
			children = (
				3D63CC50204B554700797A82 /* RequestConfig.swift */,
				3D63CC4F204B554700797A82 /* URLRequest+HTTPBody.swift */,
				3D63CC51204B554700797A82 /* URLRequestFactory.swift */,
			);
			path = Abstract;
			sourceTree = "<group>";
		};
		3D63CC53204B554700797A82 /* Model */ = {
			isa = PBXGroup;
			children = (
				3D63CC56204B554700797A82 /* GalleryAlbum.swift */,
				3D63CC54204B554700797A82 /* GalleryAsset.swift */,
				3D63CC55204B554700797A82 /* GalleryItem.swift */,
			);
			path = Model;
			sourceTree = "<group>";
		};
		3D63CC6E204B555300797A82 /* DownloadStack-ExampleTests */ = {
			isa = PBXGroup;
			children = (
				3D63CC72204B555300797A82 /* Helpers */,
				3D63CC75204B555300797A82 /* Info.plist */,
				3D63CC6F204B555300797A82 /* Tests */,
			);
			path = "DownloadStack-ExampleTests";
			sourceTree = "<group>";
		};
		3D63CC6F204B555300797A82 /* Tests */ = {
			isa = PBXGroup;
			children = (
				3D63CC70204B555300797A82 /* AssetDownloadItemTests.swift */,
				3D63CC71204B555300797A82 /* AssetDownloadManagerTests.swift */,
			);
			path = Tests;
			sourceTree = "<group>";
		};
		3D63CC72204B555300797A82 /* Helpers */ = {
			isa = PBXGroup;
			children = (
				3D63CC73204B555300797A82 /* NSObject+Swizzle.swift */,
				3D63CC74204B555300797A82 /* URLSessionDownloadTaskSpy.swift */,
			);
			path = Helpers;
			sourceTree = "<group>";
		};
		3DE07FC01FFF0F31003C95C0 = {
			isa = PBXGroup;
			children = (
				3D63CC2B204B554700797A82 /* DownloadStack-Example */,
				3D63CC6E204B555300797A82 /* DownloadStack-ExampleTests */,
				3DE07FCA1FFF0F31003C95C0 /* Products */,
			);
			sourceTree = "<group>";
		};
		3DE07FCA1FFF0F31003C95C0 /* Products */ = {
			isa = PBXGroup;
			children = (
				3DE07FC91FFF0F31003C95C0 /* DownloadStack-Example.app */,
				3DE07FE11FFF0F31003C95C0 /* DownloadStack-ExampleTests.xctest */,
			);
			name = Products;
			sourceTree = "<group>";
		};
/* End PBXGroup section */

/* Begin PBXNativeTarget section */
		3DE07FC81FFF0F31003C95C0 /* DownloadStack-Example */ = {
			isa = PBXNativeTarget;
			buildConfigurationList = 3DE07FEA1FFF0F31003C95C0 /* Build configuration list for PBXNativeTarget "DownloadStack-Example" */;
			buildPhases = (
				3DE07FC51FFF0F31003C95C0 /* Sources */,
				3DE07FC61FFF0F31003C95C0 /* Frameworks */,
				3DE07FC71FFF0F31003C95C0 /* Resources */,
			);
			buildRules = (
			);
			dependencies = (
			);
			name = "DownloadStack-Example";
			productName = "SmartMediaDownloader-Example";
			productReference = 3DE07FC91FFF0F31003C95C0 /* DownloadStack-Example.app */;
			productType = "com.apple.product-type.application";
		};
		3DE07FE01FFF0F31003C95C0 /* DownloadStack-ExampleTests */ = {
			isa = PBXNativeTarget;
			buildConfigurationList = 3DE07FED1FFF0F31003C95C0 /* Build configuration list for PBXNativeTarget "DownloadStack-ExampleTests" */;
			buildPhases = (
				3DE07FDD1FFF0F31003C95C0 /* Sources */,
				3DE07FDE1FFF0F31003C95C0 /* Frameworks */,
				3DE07FDF1FFF0F31003C95C0 /* Resources */,
			);
			buildRules = (
			);
			dependencies = (
				3DE07FE31FFF0F31003C95C0 /* PBXTargetDependency */,
			);
			name = "DownloadStack-ExampleTests";
			productName = "SmartMediaDownloader-ExampleTests";
			productReference = 3DE07FE11FFF0F31003C95C0 /* DownloadStack-ExampleTests.xctest */;
			productType = "com.apple.product-type.bundle.unit-test";
		};
/* End PBXNativeTarget section */

/* Begin PBXProject section */
		3DE07FC11FFF0F31003C95C0 /* Project object */ = {
			isa = PBXProject;
			attributes = {
				LastSwiftUpdateCheck = 0920;
				LastUpgradeCheck = 1130;
				ORGANIZATIONNAME = "William Boles";
				TargetAttributes = {
					3DE07FC81FFF0F31003C95C0 = {
						CreatedOnToolsVersion = 9.2;
						ProvisioningStyle = Automatic;
					};
					3DE07FE01FFF0F31003C95C0 = {
						CreatedOnToolsVersion = 9.2;
						ProvisioningStyle = Automatic;
						TestTargetID = 3DE07FC81FFF0F31003C95C0;
					};
				};
			};
			buildConfigurationList = 3DE07FC41FFF0F31003C95C0 /* Build configuration list for PBXProject "DownloadStack-Example" */;
			compatibilityVersion = "Xcode 8.0";
			developmentRegion = en;
			hasScannedForEncodings = 0;
			knownRegions = (
				en,
				Base,
			);
			mainGroup = 3DE07FC01FFF0F31003C95C0;
			productRefGroup = 3DE07FCA1FFF0F31003C95C0 /* Products */;
			projectDirPath = "";
			projectRoot = "";
			targets = (
				3DE07FC81FFF0F31003C95C0 /* DownloadStack-Example */,
				3DE07FE01FFF0F31003C95C0 /* DownloadStack-ExampleTests */,
			);
		};
/* End PBXProject section */

/* Begin PBXResourcesBuildPhase section */
		3DE07FC71FFF0F31003C95C0 /* Resources */ = {
			isa = PBXResourcesBuildPhase;
			buildActionMask = 2147483647;
			files = (
				3D63CC57204B554700797A82 /* LaunchScreen.storyboard in Resources */,
				3D63CC59204B554700797A82 /* Assets.xcassets in Resources */,
				3D63CC58204B554700797A82 /* Main.storyboard in Resources */,
			);
			runOnlyForDeploymentPostprocessing = 0;
		};
		3DE07FDF1FFF0F31003C95C0 /* Resources */ = {
			isa = PBXResourcesBuildPhase;
			buildActionMask = 2147483647;
			files = (
			);
			runOnlyForDeploymentPostprocessing = 0;
		};
/* End PBXResourcesBuildPhase section */

/* Begin PBXSourcesBuildPhase section */
		3DE07FC51FFF0F31003C95C0 /* Sources */ = {
			isa = PBXSourcesBuildPhase;
			buildActionMask = 2147483647;
			files = (
				3D63CC66204B554700797A82 /* GalleryDataManager.swift in Sources */,
				3D63CC5F204B554700797A82 /* AppDelegate.swift in Sources */,
				3D63CC64204B554700797A82 /* AssetDownloadItem.swift in Sources */,
				3D63CC68204B554700797A82 /* RequestConfig.swift in Sources */,
				3D63CC62204B554700797A82 /* GalleryAlbumParser.swift in Sources */,
				3D63CC5B204B554700797A82 /* AlbumCollectionViewCell.swift in Sources */,
				3D63CC5E204B554700797A82 /* AlbumViewerViewController.swift in Sources */,
				3D63CC69204B554700797A82 /* URLRequestFactory.swift in Sources */,
				3D63CC67204B554700797A82 /* URLRequest+HTTPBody.swift in Sources */,
				3D63CC6B204B554700797A82 /* GalleryAsset.swift in Sources */,
				3D63CC5D204B554700797A82 /* AlbumViewerTitleView.swift in Sources */,
				3D63CC6C204B554700797A82 /* GalleryItem.swift in Sources */,
				3D63CC6D204B554700797A82 /* GalleryAlbum.swift in Sources */,
				3D63CC5A204B554700797A82 /* NSObject+Name.swift in Sources */,
				3D63CC5C204B554700797A82 /* AlbumsViewController.swift in Sources */,
				3D63CC61204B554700797A82 /* Parser.swift in Sources */,
				3D63CC6A204B554700797A82 /* GalleryURLRequestFactory.swift in Sources */,
				3D63CC65204B554700797A82 /* AssetDataManager.swift in Sources */,
				3D63CC63204B554700797A82 /* AssetDownloadManager.swift in Sources */,
			);
			runOnlyForDeploymentPostprocessing = 0;
		};
		3DE07FDD1FFF0F31003C95C0 /* Sources */ = {
			isa = PBXSourcesBuildPhase;
			buildActionMask = 2147483647;
			files = (
				3D63CC79204B555300797A82 /* URLSessionDownloadTaskSpy.swift in Sources */,
				3D63CC78204B555300797A82 /* NSObject+Swizzle.swift in Sources */,
				3D63CC77204B555300797A82 /* AssetDownloadManagerTests.swift in Sources */,
				3D63CC76204B555300797A82 /* AssetDownloadItemTests.swift in Sources */,
			);
			runOnlyForDeploymentPostprocessing = 0;
		};
/* End PBXSourcesBuildPhase section */

/* Begin PBXTargetDependency section */
		3DE07FE31FFF0F31003C95C0 /* PBXTargetDependency */ = {
			isa = PBXTargetDependency;
			target = 3DE07FC81FFF0F31003C95C0 /* DownloadStack-Example */;
			targetProxy = 3DE07FE21FFF0F31003C95C0 /* PBXContainerItemProxy */;
		};
/* End PBXTargetDependency section */

/* Begin PBXVariantGroup section */
		3D63CC2D204B554700797A82 /* LaunchScreen.storyboard */ = {
			isa = PBXVariantGroup;
			children = (
				3D63CC2E204B554700797A82 /* Base */,
			);
			name = LaunchScreen.storyboard;
			sourceTree = "<group>";
		};
		3D63CC2F204B554700797A82 /* Main.storyboard */ = {
			isa = PBXVariantGroup;
			children = (
				3D63CC30204B554700797A82 /* Base */,
			);
			name = Main.storyboard;
			sourceTree = "<group>";
		};
/* End PBXVariantGroup section */

/* Begin XCBuildConfiguration section */
		3DE07FE81FFF0F31003C95C0 /* Debug */ = {
			isa = XCBuildConfiguration;
			buildSettings = {
				ALWAYS_SEARCH_USER_PATHS = NO;
				CLANG_ANALYZER_NONNULL = YES;
				CLANG_ANALYZER_NUMBER_OBJECT_CONVERSION = YES_AGGRESSIVE;
				CLANG_CXX_LANGUAGE_STANDARD = "gnu++14";
				CLANG_CXX_LIBRARY = "libc++";
				CLANG_ENABLE_MODULES = YES;
				CLANG_ENABLE_OBJC_ARC = YES;
				CLANG_WARN_BLOCK_CAPTURE_AUTORELEASING = YES;
				CLANG_WARN_BOOL_CONVERSION = YES;
				CLANG_WARN_COMMA = YES;
				CLANG_WARN_CONSTANT_CONVERSION = YES;
				CLANG_WARN_DEPRECATED_OBJC_IMPLEMENTATIONS = YES;
				CLANG_WARN_DIRECT_OBJC_ISA_USAGE = YES_ERROR;
				CLANG_WARN_DOCUMENTATION_COMMENTS = YES;
				CLANG_WARN_EMPTY_BODY = YES;
				CLANG_WARN_ENUM_CONVERSION = YES;
				CLANG_WARN_INFINITE_RECURSION = YES;
				CLANG_WARN_INT_CONVERSION = YES;
				CLANG_WARN_NON_LITERAL_NULL_CONVERSION = YES;
				CLANG_WARN_OBJC_IMPLICIT_RETAIN_SELF = YES;
				CLANG_WARN_OBJC_LITERAL_CONVERSION = YES;
				CLANG_WARN_OBJC_ROOT_CLASS = YES_ERROR;
				CLANG_WARN_RANGE_LOOP_ANALYSIS = YES;
				CLANG_WARN_STRICT_PROTOTYPES = YES;
				CLANG_WARN_SUSPICIOUS_MOVE = YES;
				CLANG_WARN_UNGUARDED_AVAILABILITY = YES_AGGRESSIVE;
				CLANG_WARN_UNREACHABLE_CODE = YES;
				CLANG_WARN__DUPLICATE_METHOD_MATCH = YES;
				CODE_SIGN_IDENTITY = "iPhone Developer";
				COPY_PHASE_STRIP = NO;
				DEBUG_INFORMATION_FORMAT = dwarf;
				ENABLE_STRICT_OBJC_MSGSEND = YES;
				ENABLE_TESTABILITY = YES;
				GCC_C_LANGUAGE_STANDARD = gnu11;
				GCC_DYNAMIC_NO_PIC = NO;
				GCC_NO_COMMON_BLOCKS = YES;
				GCC_OPTIMIZATION_LEVEL = 0;
				GCC_PREPROCESSOR_DEFINITIONS = (
					"DEBUG=1",
					"$(inherited)",
				);
				GCC_WARN_64_TO_32_BIT_CONVERSION = YES;
				GCC_WARN_ABOUT_RETURN_TYPE = YES_ERROR;
				GCC_WARN_UNDECLARED_SELECTOR = YES;
				GCC_WARN_UNINITIALIZED_AUTOS = YES_AGGRESSIVE;
				GCC_WARN_UNUSED_FUNCTION = YES;
				GCC_WARN_UNUSED_VARIABLE = YES;
				IPHONEOS_DEPLOYMENT_TARGET = 11.2;
				MTL_ENABLE_DEBUG_INFO = YES;
				ONLY_ACTIVE_ARCH = YES;
				SDKROOT = iphoneos;
				SWIFT_ACTIVE_COMPILATION_CONDITIONS = DEBUG;
				SWIFT_OPTIMIZATION_LEVEL = "-Onone";
			};
			name = Debug;
		};
		3DE07FE91FFF0F31003C95C0 /* Release */ = {
			isa = XCBuildConfiguration;
			buildSettings = {
				ALWAYS_SEARCH_USER_PATHS = NO;
				CLANG_ANALYZER_NONNULL = YES;
				CLANG_ANALYZER_NUMBER_OBJECT_CONVERSION = YES_AGGRESSIVE;
				CLANG_CXX_LANGUAGE_STANDARD = "gnu++14";
				CLANG_CXX_LIBRARY = "libc++";
				CLANG_ENABLE_MODULES = YES;
				CLANG_ENABLE_OBJC_ARC = YES;
				CLANG_WARN_BLOCK_CAPTURE_AUTORELEASING = YES;
				CLANG_WARN_BOOL_CONVERSION = YES;
				CLANG_WARN_COMMA = YES;
				CLANG_WARN_CONSTANT_CONVERSION = YES;
				CLANG_WARN_DEPRECATED_OBJC_IMPLEMENTATIONS = YES;
				CLANG_WARN_DIRECT_OBJC_ISA_USAGE = YES_ERROR;
				CLANG_WARN_DOCUMENTATION_COMMENTS = YES;
				CLANG_WARN_EMPTY_BODY = YES;
				CLANG_WARN_ENUM_CONVERSION = YES;
				CLANG_WARN_INFINITE_RECURSION = YES;
				CLANG_WARN_INT_CONVERSION = YES;
				CLANG_WARN_NON_LITERAL_NULL_CONVERSION = YES;
				CLANG_WARN_OBJC_IMPLICIT_RETAIN_SELF = YES;
				CLANG_WARN_OBJC_LITERAL_CONVERSION = YES;
				CLANG_WARN_OBJC_ROOT_CLASS = YES_ERROR;
				CLANG_WARN_RANGE_LOOP_ANALYSIS = YES;
				CLANG_WARN_STRICT_PROTOTYPES = YES;
				CLANG_WARN_SUSPICIOUS_MOVE = YES;
				CLANG_WARN_UNGUARDED_AVAILABILITY = YES_AGGRESSIVE;
				CLANG_WARN_UNREACHABLE_CODE = YES;
				CLANG_WARN__DUPLICATE_METHOD_MATCH = YES;
				CODE_SIGN_IDENTITY = "iPhone Developer";
				COPY_PHASE_STRIP = NO;
				DEBUG_INFORMATION_FORMAT = "dwarf-with-dsym";
				ENABLE_NS_ASSERTIONS = NO;
				ENABLE_STRICT_OBJC_MSGSEND = YES;
				GCC_C_LANGUAGE_STANDARD = gnu11;
				GCC_NO_COMMON_BLOCKS = YES;
				GCC_WARN_64_TO_32_BIT_CONVERSION = YES;
				GCC_WARN_ABOUT_RETURN_TYPE = YES_ERROR;
				GCC_WARN_UNDECLARED_SELECTOR = YES;
				GCC_WARN_UNINITIALIZED_AUTOS = YES_AGGRESSIVE;
				GCC_WARN_UNUSED_FUNCTION = YES;
				GCC_WARN_UNUSED_VARIABLE = YES;
				IPHONEOS_DEPLOYMENT_TARGET = 11.2;
				MTL_ENABLE_DEBUG_INFO = NO;
				SDKROOT = iphoneos;
				SWIFT_OPTIMIZATION_LEVEL = "-Owholemodule";
				VALIDATE_PRODUCT = YES;
			};
			name = Release;
		};
		3DE07FEB1FFF0F31003C95C0 /* Debug */ = {
			isa = XCBuildConfiguration;
			buildSettings = {
				ASSETCATALOG_COMPILER_APPICON_NAME = AppIcon;
				CODE_SIGN_STYLE = Automatic;
				INFOPLIST_FILE = "DownloadStack-Example/Application/Info.plist";
				LD_RUNPATH_SEARCH_PATHS = "$(inherited) @executable_path/Frameworks";
				PRODUCT_BUNDLE_IDENTIFIER = "com.williamboles.DowloadStack-Example";
				PRODUCT_NAME = "$(TARGET_NAME)";
				SWIFT_VERSION = 4.0;
				TARGETED_DEVICE_FAMILY = "1,2";
			};
			name = Debug;
		};
		3DE07FEC1FFF0F31003C95C0 /* Release */ = {
			isa = XCBuildConfiguration;
			buildSettings = {
				ASSETCATALOG_COMPILER_APPICON_NAME = AppIcon;
				CODE_SIGN_STYLE = Automatic;
				INFOPLIST_FILE = "DownloadStack-Example/Application/Info.plist";
				LD_RUNPATH_SEARCH_PATHS = "$(inherited) @executable_path/Frameworks";
				PRODUCT_BUNDLE_IDENTIFIER = "com.williamboles.DowloadStack-Example";
				PRODUCT_NAME = "$(TARGET_NAME)";
				SWIFT_VERSION = 4.0;
				TARGETED_DEVICE_FAMILY = "1,2";
			};
			name = Release;
		};
		3DE07FEE1FFF0F31003C95C0 /* Debug */ = {
			isa = XCBuildConfiguration;
			buildSettings = {
				ALWAYS_EMBED_SWIFT_STANDARD_LIBRARIES = YES;
				BUNDLE_LOADER = "$(TEST_HOST)";
				CODE_SIGN_STYLE = Automatic;
				INFOPLIST_FILE = "DownloadStack-ExampleTests/Info.plist";
				LD_RUNPATH_SEARCH_PATHS = "$(inherited) @executable_path/Frameworks @loader_path/Frameworks";
				PRODUCT_BUNDLE_IDENTIFIER = "com.williamboles.DownloadStack-ExampleTests";
				PRODUCT_NAME = "$(TARGET_NAME)";
				SWIFT_VERSION = 4.0;
				TARGETED_DEVICE_FAMILY = "1,2";
				TEST_HOST = "$(BUILT_PRODUCTS_DIR)/DownloadStack-Example.app/DownloadStack-Example";
			};
			name = Debug;
		};
		3DE07FEF1FFF0F31003C95C0 /* Release */ = {
			isa = XCBuildConfiguration;
			buildSettings = {
				ALWAYS_EMBED_SWIFT_STANDARD_LIBRARIES = YES;
				BUNDLE_LOADER = "$(TEST_HOST)";
				CODE_SIGN_STYLE = Automatic;
				INFOPLIST_FILE = "DownloadStack-ExampleTests/Info.plist";
				LD_RUNPATH_SEARCH_PATHS = "$(inherited) @executable_path/Frameworks @loader_path/Frameworks";
				PRODUCT_BUNDLE_IDENTIFIER = "com.williamboles.DownloadStack-ExampleTests";
				PRODUCT_NAME = "$(TARGET_NAME)";
				SWIFT_VERSION = 4.0;
				TARGETED_DEVICE_FAMILY = "1,2";
				TEST_HOST = "$(BUILT_PRODUCTS_DIR)/DownloadStack-Example.app/DownloadStack-Example";
			};
			name = Release;
		};
/* End XCBuildConfiguration section */

/* Begin XCConfigurationList section */
		3DE07FC41FFF0F31003C95C0 /* Build configuration list for PBXProject "DownloadStack-Example" */ = {
			isa = XCConfigurationList;
			buildConfigurations = (
				3DE07FE81FFF0F31003C95C0 /* Debug */,
				3DE07FE91FFF0F31003C95C0 /* Release */,
			);
			defaultConfigurationIsVisible = 0;
			defaultConfigurationName = Release;
		};
		3DE07FEA1FFF0F31003C95C0 /* Build configuration list for PBXNativeTarget "DownloadStack-Example" */ = {
			isa = XCConfigurationList;
			buildConfigurations = (
				3DE07FEB1FFF0F31003C95C0 /* Debug */,
				3DE07FEC1FFF0F31003C95C0 /* Release */,
			);
			defaultConfigurationIsVisible = 0;
			defaultConfigurationName = Release;
		};
		3DE07FED1FFF0F31003C95C0 /* Build configuration list for PBXNativeTarget "DownloadStack-ExampleTests" */ = {
			isa = XCConfigurationList;
			buildConfigurations = (
				3DE07FEE1FFF0F31003C95C0 /* Debug */,
				3DE07FEF1FFF0F31003C95C0 /* Release */,
			);
			defaultConfigurationIsVisible = 0;
			defaultConfigurationName = Release;
		};
/* End XCConfigurationList section */
	};
	rootObject = 3DE07FC11FFF0F31003C95C0 /* Project object */;
}
