// !$*UTF8*$!
{
	archiveVersion = 1;
	classes = {
	};
	objectVersion = 48;
	objects = {

/* Begin PBXBuildFile section */
		3D2BA8FD2013AFC50037B4E2 /* AlbumViewerTitleView.swift in Sources */ = {isa = PBXBuildFile; fileRef = 3D2BA8FC2013AFC50037B4E2 /* AlbumViewerTitleView.swift */; };
		3D2E5D58201016F1007403B5 /* GalleryAsset.swift in Sources */ = {isa = PBXBuildFile; fileRef = 3D2E5D57201016F1007403B5 /* GalleryAsset.swift */; };
		3D765DB820029E800014757C /* GalleryDataManager.swift in Sources */ = {isa = PBXBuildFile; fileRef = 3D765DB720029E800014757C /* GalleryDataManager.swift */; };
		3D765DBA20029F020014757C /* GalleryItem.swift in Sources */ = {isa = PBXBuildFile; fileRef = 3D765DB920029F020014757C /* GalleryItem.swift */; };
		3D765DC020029F930014757C /* RequestConfig.swift in Sources */ = {isa = PBXBuildFile; fileRef = 3D765DBD20029F930014757C /* RequestConfig.swift */; };
		3D765DC120029F930014757C /* URLRequestFactory.swift in Sources */ = {isa = PBXBuildFile; fileRef = 3D765DBE20029F930014757C /* URLRequestFactory.swift */; };
		3D765DC220029F930014757C /* GalleryURLRequestFactory.swift in Sources */ = {isa = PBXBuildFile; fileRef = 3D765DBF20029F930014757C /* GalleryURLRequestFactory.swift */; };
		3D765DC92002CCBE0014757C /* Parser.swift in Sources */ = {isa = PBXBuildFile; fileRef = 3D765DC72002CCBE0014757C /* Parser.swift */; };
		3D765DCA2002CCBE0014757C /* GalleryAlbumParser.swift in Sources */ = {isa = PBXBuildFile; fileRef = 3D765DC82002CCBE0014757C /* GalleryAlbumParser.swift */; };
		3D765DD12002D1910014757C /* NSObject+Name.swift in Sources */ = {isa = PBXBuildFile; fileRef = 3D765DD02002D1910014757C /* NSObject+Name.swift */; };
		3DE07FE61FFF0F31003C95C0 /* SmartMediaDownloader_ExampleTests.swift in Sources */ = {isa = PBXBuildFile; fileRef = 3DE07FE51FFF0F31003C95C0 /* SmartMediaDownloader_ExampleTests.swift */; };
		3DE0800B1FFF10A6003C95C0 /* LaunchScreen.storyboard in Resources */ = {isa = PBXBuildFile; fileRef = 3DE07FFE1FFF10A6003C95C0 /* LaunchScreen.storyboard */; };
		3DE0800C1FFF10A6003C95C0 /* Main.storyboard in Resources */ = {isa = PBXBuildFile; fileRef = 3DE080001FFF10A6003C95C0 /* Main.storyboard */; };
		3DE0800D1FFF10A6003C95C0 /* AppDelegate.swift in Sources */ = {isa = PBXBuildFile; fileRef = 3DE080031FFF10A6003C95C0 /* AppDelegate.swift */; };
		3DE0800F1FFF10A6003C95C0 /* Assets.xcassets in Resources */ = {isa = PBXBuildFile; fileRef = 3DE080071FFF10A6003C95C0 /* Assets.xcassets */; };
		3DF29893200AD9FF000EE68C /* URLRequest+HTTPBody.swift in Sources */ = {isa = PBXBuildFile; fileRef = 3DF29892200AD9FF000EE68C /* URLRequest+HTTPBody.swift */; };
		3DF2989A200D6ECA000EE68C /* AssetDataManager.swift in Sources */ = {isa = PBXBuildFile; fileRef = 3DF29899200D6ECA000EE68C /* AssetDataManager.swift */; };
		3DF298AF200FE670000EE68C /* AlbumViewerViewController.swift in Sources */ = {isa = PBXBuildFile; fileRef = 3DF298AB200FE66F000EE68C /* AlbumViewerViewController.swift */; };
		3DF298B1200FE681000EE68C /* AlbumsViewController.swift in Sources */ = {isa = PBXBuildFile; fileRef = 3DF298B0200FE681000EE68C /* AlbumsViewController.swift */; };
		3DF298B4200FE73D000EE68C /* AlbumCollectionViewCell.swift in Sources */ = {isa = PBXBuildFile; fileRef = 3DF298B3200FE73D000EE68C /* AlbumCollectionViewCell.swift */; };
		3DF298B9200FE7AC000EE68C /* AssetDownloadStack.swift in Sources */ = {isa = PBXBuildFile; fileRef = 3DF298B6200FE7AC000EE68C /* AssetDownloadStack.swift */; };
		3DF298BA200FE7AC000EE68C /* AssetDownloadManager.swift in Sources */ = {isa = PBXBuildFile; fileRef = 3DF298B7200FE7AC000EE68C /* AssetDownloadManager.swift */; };
		3DF298BB200FE7AC000EE68C /* AssetDownloadItem.swift in Sources */ = {isa = PBXBuildFile; fileRef = 3DF298B8200FE7AC000EE68C /* AssetDownloadItem.swift */; };
		3DF298BD200FE7F8000EE68C /* GalleryAlbum.swift in Sources */ = {isa = PBXBuildFile; fileRef = 3DF298BC200FE7F8000EE68C /* GalleryAlbum.swift */; };
/* End PBXBuildFile section */

/* Begin PBXContainerItemProxy section */
		3DE07FE21FFF0F31003C95C0 /* PBXContainerItemProxy */ = {
			isa = PBXContainerItemProxy;
			containerPortal = 3DE07FC11FFF0F31003C95C0 /* Project object */;
			proxyType = 1;
			remoteGlobalIDString = 3DE07FC81FFF0F31003C95C0;
			remoteInfo = "SmartMediaDownloader-Example";
		};
/* End PBXContainerItemProxy section */

/* Begin PBXFileReference section */
		3D2BA8FC2013AFC50037B4E2 /* AlbumViewerTitleView.swift */ = {isa = PBXFileReference; lastKnownFileType = sourcecode.swift; path = AlbumViewerTitleView.swift; sourceTree = "<group>"; };
		3D2E5D57201016F1007403B5 /* GalleryAsset.swift */ = {isa = PBXFileReference; lastKnownFileType = sourcecode.swift; path = GalleryAsset.swift; sourceTree = "<group>"; };
		3D765DB720029E800014757C /* GalleryDataManager.swift */ = {isa = PBXFileReference; lastKnownFileType = sourcecode.swift; path = GalleryDataManager.swift; sourceTree = "<group>"; };
		3D765DB920029F020014757C /* GalleryItem.swift */ = {isa = PBXFileReference; lastKnownFileType = sourcecode.swift; path = GalleryItem.swift; sourceTree = "<group>"; };
		3D765DBD20029F930014757C /* RequestConfig.swift */ = {isa = PBXFileReference; fileEncoding = 4; lastKnownFileType = sourcecode.swift; path = RequestConfig.swift; sourceTree = "<group>"; };
		3D765DBE20029F930014757C /* URLRequestFactory.swift */ = {isa = PBXFileReference; fileEncoding = 4; lastKnownFileType = sourcecode.swift; path = URLRequestFactory.swift; sourceTree = "<group>"; };
		3D765DBF20029F930014757C /* GalleryURLRequestFactory.swift */ = {isa = PBXFileReference; fileEncoding = 4; lastKnownFileType = sourcecode.swift; path = GalleryURLRequestFactory.swift; sourceTree = "<group>"; };
		3D765DC72002CCBE0014757C /* Parser.swift */ = {isa = PBXFileReference; fileEncoding = 4; lastKnownFileType = sourcecode.swift; path = Parser.swift; sourceTree = "<group>"; };
		3D765DC82002CCBE0014757C /* GalleryAlbumParser.swift */ = {isa = PBXFileReference; fileEncoding = 4; lastKnownFileType = sourcecode.swift; path = GalleryAlbumParser.swift; sourceTree = "<group>"; };
		3D765DD02002D1910014757C /* NSObject+Name.swift */ = {isa = PBXFileReference; fileEncoding = 4; lastKnownFileType = sourcecode.swift; path = "NSObject+Name.swift"; sourceTree = "<group>"; };
		3DE07FC91FFF0F31003C95C0 /* SmartMediaDownloader-Example.app */ = {isa = PBXFileReference; explicitFileType = wrapper.application; includeInIndex = 0; path = "SmartMediaDownloader-Example.app"; sourceTree = BUILT_PRODUCTS_DIR; };
		3DE07FE11FFF0F31003C95C0 /* SmartMediaDownloader-ExampleTests.xctest */ = {isa = PBXFileReference; explicitFileType = wrapper.cfbundle; includeInIndex = 0; path = "SmartMediaDownloader-ExampleTests.xctest"; sourceTree = BUILT_PRODUCTS_DIR; };
		3DE07FE51FFF0F31003C95C0 /* SmartMediaDownloader_ExampleTests.swift */ = {isa = PBXFileReference; lastKnownFileType = sourcecode.swift; path = SmartMediaDownloader_ExampleTests.swift; sourceTree = "<group>"; };
		3DE07FE71FFF0F31003C95C0 /* Info.plist */ = {isa = PBXFileReference; lastKnownFileType = text.plist.xml; path = Info.plist; sourceTree = "<group>"; };
		3DE07FFF1FFF10A6003C95C0 /* Base */ = {isa = PBXFileReference; lastKnownFileType = file.storyboard; name = Base; path = Base.lproj/LaunchScreen.storyboard; sourceTree = "<group>"; };
		3DE080011FFF10A6003C95C0 /* Base */ = {isa = PBXFileReference; lastKnownFileType = file.storyboard; name = Base; path = Base.lproj/Main.storyboard; sourceTree = "<group>"; };
		3DE080031FFF10A6003C95C0 /* AppDelegate.swift */ = {isa = PBXFileReference; fileEncoding = 4; lastKnownFileType = sourcecode.swift; path = AppDelegate.swift; sourceTree = "<group>"; };
		3DE080041FFF10A6003C95C0 /* Info.plist */ = {isa = PBXFileReference; fileEncoding = 4; lastKnownFileType = text.plist.xml; path = Info.plist; sourceTree = "<group>"; };
		3DE080071FFF10A6003C95C0 /* Assets.xcassets */ = {isa = PBXFileReference; lastKnownFileType = folder.assetcatalog; path = Assets.xcassets; sourceTree = "<group>"; };
		3DF29892200AD9FF000EE68C /* URLRequest+HTTPBody.swift */ = {isa = PBXFileReference; lastKnownFileType = sourcecode.swift; path = "URLRequest+HTTPBody.swift"; sourceTree = "<group>"; };
		3DF29899200D6ECA000EE68C /* AssetDataManager.swift */ = {isa = PBXFileReference; lastKnownFileType = sourcecode.swift; path = AssetDataManager.swift; sourceTree = "<group>"; };
		3DF298AB200FE66F000EE68C /* AlbumViewerViewController.swift */ = {isa = PBXFileReference; fileEncoding = 4; lastKnownFileType = sourcecode.swift; path = AlbumViewerViewController.swift; sourceTree = "<group>"; };
		3DF298B0200FE681000EE68C /* AlbumsViewController.swift */ = {isa = PBXFileReference; lastKnownFileType = sourcecode.swift; path = AlbumsViewController.swift; sourceTree = "<group>"; };
		3DF298B3200FE73D000EE68C /* AlbumCollectionViewCell.swift */ = {isa = PBXFileReference; lastKnownFileType = sourcecode.swift; path = AlbumCollectionViewCell.swift; sourceTree = "<group>"; };
		3DF298B6200FE7AC000EE68C /* AssetDownloadStack.swift */ = {isa = PBXFileReference; fileEncoding = 4; lastKnownFileType = sourcecode.swift; path = AssetDownloadStack.swift; sourceTree = "<group>"; };
		3DF298B7200FE7AC000EE68C /* AssetDownloadManager.swift */ = {isa = PBXFileReference; fileEncoding = 4; lastKnownFileType = sourcecode.swift; path = AssetDownloadManager.swift; sourceTree = "<group>"; };
		3DF298B8200FE7AC000EE68C /* AssetDownloadItem.swift */ = {isa = PBXFileReference; fileEncoding = 4; lastKnownFileType = sourcecode.swift; path = AssetDownloadItem.swift; sourceTree = "<group>"; };
		3DF298BC200FE7F8000EE68C /* GalleryAlbum.swift */ = {isa = PBXFileReference; lastKnownFileType = sourcecode.swift; path = GalleryAlbum.swift; sourceTree = "<group>"; };
/* End PBXFileReference section */

/* Begin PBXFrameworksBuildPhase section */
		3DE07FC61FFF0F31003C95C0 /* Frameworks */ = {
			isa = PBXFrameworksBuildPhase;
			buildActionMask = 2147483647;
			files = (
			);
			runOnlyForDeploymentPostprocessing = 0;
		};
		3DE07FDE1FFF0F31003C95C0 /* Frameworks */ = {
			isa = PBXFrameworksBuildPhase;
			buildActionMask = 2147483647;
			files = (
			);
			runOnlyForDeploymentPostprocessing = 0;
		};
/* End PBXFrameworksBuildPhase section */

/* Begin PBXGroup section */
		3D765DBB20029F930014757C /* Requests */ = {
			isa = PBXGroup;
			children = (
				3D765DBC20029F930014757C /* Abstract */,
				3D765DBF20029F930014757C /* GalleryURLRequestFactory.swift */,
			);
			path = Requests;
			sourceTree = "<group>";
		};
		3D765DBC20029F930014757C /* Abstract */ = {
			isa = PBXGroup;
			children = (
				3D765DBD20029F930014757C /* RequestConfig.swift */,
				3D765DBE20029F930014757C /* URLRequestFactory.swift */,
				3DF29892200AD9FF000EE68C /* URLRequest+HTTPBody.swift */,
			);
			path = Abstract;
			sourceTree = "<group>";
		};
		3D765DC52002CC9A0014757C /* Parsers */ = {
			isa = PBXGroup;
			children = (
				3D765DC62002CCBE0014757C /* Abstract */,
				3D765DC82002CCBE0014757C /* GalleryAlbumParser.swift */,
			);
			path = Parsers;
			sourceTree = "<group>";
		};
		3D765DC62002CCBE0014757C /* Abstract */ = {
			isa = PBXGroup;
			children = (
				3D765DC72002CCBE0014757C /* Parser.swift */,
			);
			path = Abstract;
			sourceTree = "<group>";
		};
		3D765DCE2002D1910014757C /* Extensions */ = {
			isa = PBXGroup;
			children = (
				3D765DCF2002D1910014757C /* NSObject */,
			);
			path = Extensions;
			sourceTree = "<group>";
		};
		3D765DCF2002D1910014757C /* NSObject */ = {
			isa = PBXGroup;
			children = (
				3D765DD02002D1910014757C /* NSObject+Name.swift */,
			);
			path = NSObject;
			sourceTree = "<group>";
		};
		3DE07FC01FFF0F31003C95C0 = {
			isa = PBXGroup;
			children = (
				3DE07FCB1FFF0F31003C95C0 /* SmartMediaDownloader-Example */,
				3DE07FE41FFF0F31003C95C0 /* SmartMediaDownloader-ExampleTests */,
				3DE07FCA1FFF0F31003C95C0 /* Products */,
			);
			sourceTree = "<group>";
		};
		3DE07FCA1FFF0F31003C95C0 /* Products */ = {
			isa = PBXGroup;
			children = (
				3DE07FC91FFF0F31003C95C0 /* SmartMediaDownloader-Example.app */,
				3DE07FE11FFF0F31003C95C0 /* SmartMediaDownloader-ExampleTests.xctest */,
			);
			name = Products;
			sourceTree = "<group>";
		};
		3DE07FCB1FFF0F31003C95C0 /* SmartMediaDownloader-Example */ = {
			isa = PBXGroup;
			children = (
				3DE080021FFF10A6003C95C0 /* Application */,
				3DE080101FFF1129003C95C0 /* Data */,
				3D765DCE2002D1910014757C /* Extensions */,
				3DE080051FFF10A6003C95C0 /* Resources */,
				3DE07FFD1FFF10A6003C95C0 /* Storyboards */,
				3DE07FF81FFF10A6003C95C0 /* ViewControllers */,
			);
			path = "SmartMediaDownloader-Example";
			sourceTree = "<group>";
		};
		3DE07FE41FFF0F31003C95C0 /* SmartMediaDownloader-ExampleTests */ = {
			isa = PBXGroup;
			children = (
				3DE07FE51FFF0F31003C95C0 /* SmartMediaDownloader_ExampleTests.swift */,
				3DE07FE71FFF0F31003C95C0 /* Info.plist */,
			);
			path = "SmartMediaDownloader-ExampleTests";
			sourceTree = "<group>";
		};
		3DE07FF81FFF10A6003C95C0 /* ViewControllers */ = {
			isa = PBXGroup;
			children = (
				3DF298A5200FE66F000EE68C /* AlbumViewer */,
				3DF298AC200FE670000EE68C /* Gallery */,
			);
			path = ViewControllers;
			sourceTree = "<group>";
		};
		3DE07FFD1FFF10A6003C95C0 /* Storyboards */ = {
			isa = PBXGroup;
			children = (
				3DE07FFE1FFF10A6003C95C0 /* LaunchScreen.storyboard */,
				3DE080001FFF10A6003C95C0 /* Main.storyboard */,
			);
			path = Storyboards;
			sourceTree = "<group>";
		};
		3DE080021FFF10A6003C95C0 /* Application */ = {
			isa = PBXGroup;
			children = (
				3DE080031FFF10A6003C95C0 /* AppDelegate.swift */,
				3DE080041FFF10A6003C95C0 /* Info.plist */,
			);
			path = Application;
			sourceTree = "<group>";
		};
		3DE080051FFF10A6003C95C0 /* Resources */ = {
			isa = PBXGroup;
			children = (
				3DE080061FFF10A6003C95C0 /* Images */,
			);
			path = Resources;
			sourceTree = "<group>";
		};
		3DE080061FFF10A6003C95C0 /* Images */ = {
			isa = PBXGroup;
			children = (
				3DE080071FFF10A6003C95C0 /* Assets.xcassets */,
			);
			path = Images;
			sourceTree = "<group>";
		};
		3DE080101FFF1129003C95C0 /* Data */ = {
			isa = PBXGroup;
			children = (
				3DE080111FFF1161003C95C0 /* Managers */,
				3DE080121FFF1161003C95C0 /* Model */,
				3D765DC52002CC9A0014757C /* Parsers */,
				3D765DBB20029F930014757C /* Requests */,
			);
			path = Data;
			sourceTree = "<group>";
		};
		3DE080111FFF1161003C95C0 /* Managers */ = {
			isa = PBXGroup;
			children = (
				3DF298B5200FE7AC000EE68C /* Asset */,
				3D765DB720029E800014757C /* GalleryDataManager.swift */,
				3DF29899200D6ECA000EE68C /* AssetDataManager.swift */,
			);
			path = Managers;
			sourceTree = "<group>";
		};
		3DE080121FFF1161003C95C0 /* Model */ = {
			isa = PBXGroup;
			children = (
				3D765DB920029F020014757C /* GalleryItem.swift */,
				3DF298BC200FE7F8000EE68C /* GalleryAlbum.swift */,
				3D2E5D57201016F1007403B5 /* GalleryAsset.swift */,
			);
			path = Model;
			sourceTree = "<group>";
		};
		3DF298A5200FE66F000EE68C /* AlbumViewer */ = {
			isa = PBXGroup;
			children = (
				3DF298AB200FE66F000EE68C /* AlbumViewerViewController.swift */,
				3D2BA8FC2013AFC50037B4E2 /* AlbumViewerTitleView.swift */,
			);
			path = AlbumViewer;
			sourceTree = "<group>";
		};
		3DF298AC200FE670000EE68C /* Gallery */ = {
			isa = PBXGroup;
			children = (
				3DF298B2200FE6DD000EE68C /* Cells */,
				3DF298B0200FE681000EE68C /* AlbumsViewController.swift */,
			);
			path = Gallery;
			sourceTree = "<group>";
		};
		3DF298B2200FE6DD000EE68C /* Cells */ = {
			isa = PBXGroup;
			children = (
				3DF298B3200FE73D000EE68C /* AlbumCollectionViewCell.swift */,
			);
			path = Cells;
			sourceTree = "<group>";
		};
		3DF298B5200FE7AC000EE68C /* Asset */ = {
			isa = PBXGroup;
			children = (
				3DF298B8200FE7AC000EE68C /* AssetDownloadItem.swift */,
				3DF298B7200FE7AC000EE68C /* AssetDownloadManager.swift */,
				3DF298B6200FE7AC000EE68C /* AssetDownloadStack.swift */,
			);
			path = Asset;
			sourceTree = "<group>";
		};
/* End PBXGroup section */

/* Begin PBXNativeTarget section */
		3DE07FC81FFF0F31003C95C0 /* SmartMediaDownloader-Example */ = {
			isa = PBXNativeTarget;
			buildConfigurationList = 3DE07FEA1FFF0F31003C95C0 /* Build configuration list for PBXNativeTarget "SmartMediaDownloader-Example" */;
			buildPhases = (
				3DE07FC51FFF0F31003C95C0 /* Sources */,
				3DE07FC61FFF0F31003C95C0 /* Frameworks */,
				3DE07FC71FFF0F31003C95C0 /* Resources */,
			);
			buildRules = (
			);
			dependencies = (
			);
			name = "SmartMediaDownloader-Example";
			productName = "SmartMediaDownloader-Example";
			productReference = 3DE07FC91FFF0F31003C95C0 /* SmartMediaDownloader-Example.app */;
			productType = "com.apple.product-type.application";
		};
		3DE07FE01FFF0F31003C95C0 /* SmartMediaDownloader-ExampleTests */ = {
			isa = PBXNativeTarget;
			buildConfigurationList = 3DE07FED1FFF0F31003C95C0 /* Build configuration list for PBXNativeTarget "SmartMediaDownloader-ExampleTests" */;
			buildPhases = (
				3DE07FDD1FFF0F31003C95C0 /* Sources */,
				3DE07FDE1FFF0F31003C95C0 /* Frameworks */,
				3DE07FDF1FFF0F31003C95C0 /* Resources */,
			);
			buildRules = (
			);
			dependencies = (
				3DE07FE31FFF0F31003C95C0 /* PBXTargetDependency */,
			);
			name = "SmartMediaDownloader-ExampleTests";
			productName = "SmartMediaDownloader-ExampleTests";
			productReference = 3DE07FE11FFF0F31003C95C0 /* SmartMediaDownloader-ExampleTests.xctest */;
			productType = "com.apple.product-type.bundle.unit-test";
		};
/* End PBXNativeTarget section */

/* Begin PBXProject section */
		3DE07FC11FFF0F31003C95C0 /* Project object */ = {
			isa = PBXProject;
			attributes = {
				LastSwiftUpdateCheck = 0920;
				LastUpgradeCheck = 0920;
				ORGANIZATIONNAME = "William Boles";
				TargetAttributes = {
					3DE07FC81FFF0F31003C95C0 = {
						CreatedOnToolsVersion = 9.2;
						ProvisioningStyle = Automatic;
					};
					3DE07FE01FFF0F31003C95C0 = {
						CreatedOnToolsVersion = 9.2;
						ProvisioningStyle = Automatic;
						TestTargetID = 3DE07FC81FFF0F31003C95C0;
					};
				};
			};
			buildConfigurationList = 3DE07FC41FFF0F31003C95C0 /* Build configuration list for PBXProject "SmartMediaDownloader-Example" */;
			compatibilityVersion = "Xcode 8.0";
			developmentRegion = en;
			hasScannedForEncodings = 0;
			knownRegions = (
				en,
				Base,
			);
			mainGroup = 3DE07FC01FFF0F31003C95C0;
			productRefGroup = 3DE07FCA1FFF0F31003C95C0 /* Products */;
			projectDirPath = "";
			projectRoot = "";
			targets = (
				3DE07FC81FFF0F31003C95C0 /* SmartMediaDownloader-Example */,
				3DE07FE01FFF0F31003C95C0 /* SmartMediaDownloader-ExampleTests */,
			);
		};
/* End PBXProject section */

/* Begin PBXResourcesBuildPhase section */
		3DE07FC71FFF0F31003C95C0 /* Resources */ = {
			isa = PBXResourcesBuildPhase;
			buildActionMask = 2147483647;
			files = (
				3DE0800B1FFF10A6003C95C0 /* LaunchScreen.storyboard in Resources */,
				3DE0800C1FFF10A6003C95C0 /* Main.storyboard in Resources */,
				3DE0800F1FFF10A6003C95C0 /* Assets.xcassets in Resources */,
			);
			runOnlyForDeploymentPostprocessing = 0;
		};
		3DE07FDF1FFF0F31003C95C0 /* Resources */ = {
			isa = PBXResourcesBuildPhase;
			buildActionMask = 2147483647;
			files = (
			);
			runOnlyForDeploymentPostprocessing = 0;
		};
/* End PBXResourcesBuildPhase section */

/* Begin PBXSourcesBuildPhase section */
		3DE07FC51FFF0F31003C95C0 /* Sources */ = {
			isa = PBXSourcesBuildPhase;
			buildActionMask = 2147483647;
			files = (
				3DF298B4200FE73D000EE68C /* AlbumCollectionViewCell.swift in Sources */,
				3DF298B9200FE7AC000EE68C /* AssetDownloadStack.swift in Sources */,
				3D2E5D58201016F1007403B5 /* GalleryAsset.swift in Sources */,
				3DF2989A200D6ECA000EE68C /* AssetDataManager.swift in Sources */,
				3D765DC120029F930014757C /* URLRequestFactory.swift in Sources */,
				3DF29893200AD9FF000EE68C /* URLRequest+HTTPBody.swift in Sources */,
				3DF298BA200FE7AC000EE68C /* AssetDownloadManager.swift in Sources */,
				3D765DC220029F930014757C /* GalleryURLRequestFactory.swift in Sources */,
				3DE0800D1FFF10A6003C95C0 /* AppDelegate.swift in Sources */,
				3D765DBA20029F020014757C /* GalleryItem.swift in Sources */,
				3D765DC92002CCBE0014757C /* Parser.swift in Sources */,
				3DF298AF200FE670000EE68C /* AlbumViewerViewController.swift in Sources */,
				3D2BA8FD2013AFC50037B4E2 /* AlbumViewerTitleView.swift in Sources */,
				3DF298BD200FE7F8000EE68C /* GalleryAlbum.swift in Sources */,
				3D765DC020029F930014757C /* RequestConfig.swift in Sources */,
				3DF298BB200FE7AC000EE68C /* AssetDownloadItem.swift in Sources */,
				3D765DB820029E800014757C /* GalleryDataManager.swift in Sources */,
				3DF298B1200FE681000EE68C /* AlbumsViewController.swift in Sources */,
				3D765DD12002D1910014757C /* NSObject+Name.swift in Sources */,
				3D765DCA2002CCBE0014757C /* GalleryAlbumParser.swift in Sources */,
			);
			runOnlyForDeploymentPostprocessing = 0;
		};
		3DE07FDD1FFF0F31003C95C0 /* Sources */ = {
			isa = PBXSourcesBuildPhase;
			buildActionMask = 2147483647;
			files = (
				3DE07FE61FFF0F31003C95C0 /* SmartMediaDownloader_ExampleTests.swift in Sources */,
			);
			runOnlyForDeploymentPostprocessing = 0;
		};
/* End PBXSourcesBuildPhase section */

/* Begin PBXTargetDependency section */
		3DE07FE31FFF0F31003C95C0 /* PBXTargetDependency */ = {
			isa = PBXTargetDependency;
			target = 3DE07FC81FFF0F31003C95C0 /* SmartMediaDownloader-Example */;
			targetProxy = 3DE07FE21FFF0F31003C95C0 /* PBXContainerItemProxy */;
		};
/* End PBXTargetDependency section */

/* Begin PBXVariantGroup section */
		3DE07FFE1FFF10A6003C95C0 /* LaunchScreen.storyboard */ = {
			isa = PBXVariantGroup;
			children = (
				3DE07FFF1FFF10A6003C95C0 /* Base */,
			);
			name = LaunchScreen.storyboard;
			sourceTree = "<group>";
		};
		3DE080001FFF10A6003C95C0 /* Main.storyboard */ = {
			isa = PBXVariantGroup;
			children = (
				3DE080011FFF10A6003C95C0 /* Base */,
			);
			name = Main.storyboard;
			sourceTree = "<group>";
		};
/* End PBXVariantGroup section */

/* Begin XCBuildConfiguration section */
		3DE07FE81FFF0F31003C95C0 /* Debug */ = {
			isa = XCBuildConfiguration;
			buildSettings = {
				ALWAYS_SEARCH_USER_PATHS = NO;
				CLANG_ANALYZER_NONNULL = YES;
				CLANG_ANALYZER_NUMBER_OBJECT_CONVERSION = YES_AGGRESSIVE;
				CLANG_CXX_LANGUAGE_STANDARD = "gnu++14";
				CLANG_CXX_LIBRARY = "libc++";
				CLANG_ENABLE_MODULES = YES;
				CLANG_ENABLE_OBJC_ARC = YES;
				CLANG_WARN_BLOCK_CAPTURE_AUTORELEASING = YES;
				CLANG_WARN_BOOL_CONVERSION = YES;
				CLANG_WARN_COMMA = YES;
				CLANG_WARN_CONSTANT_CONVERSION = YES;
				CLANG_WARN_DIRECT_OBJC_ISA_USAGE = YES_ERROR;
				CLANG_WARN_DOCUMENTATION_COMMENTS = YES;
				CLANG_WARN_EMPTY_BODY = YES;
				CLANG_WARN_ENUM_CONVERSION = YES;
				CLANG_WARN_INFINITE_RECURSION = YES;
				CLANG_WARN_INT_CONVERSION = YES;
				CLANG_WARN_NON_LITERAL_NULL_CONVERSION = YES;
				CLANG_WARN_OBJC_LITERAL_CONVERSION = YES;
				CLANG_WARN_OBJC_ROOT_CLASS = YES_ERROR;
				CLANG_WARN_RANGE_LOOP_ANALYSIS = YES;
				CLANG_WARN_STRICT_PROTOTYPES = YES;
				CLANG_WARN_SUSPICIOUS_MOVE = YES;
				CLANG_WARN_UNGUARDED_AVAILABILITY = YES_AGGRESSIVE;
				CLANG_WARN_UNREACHABLE_CODE = YES;
				CLANG_WARN__DUPLICATE_METHOD_MATCH = YES;
				CODE_SIGN_IDENTITY = "iPhone Developer";
				COPY_PHASE_STRIP = NO;
				DEBUG_INFORMATION_FORMAT = dwarf;
				ENABLE_STRICT_OBJC_MSGSEND = YES;
				ENABLE_TESTABILITY = YES;
				GCC_C_LANGUAGE_STANDARD = gnu11;
				GCC_DYNAMIC_NO_PIC = NO;
				GCC_NO_COMMON_BLOCKS = YES;
				GCC_OPTIMIZATION_LEVEL = 0;
				GCC_PREPROCESSOR_DEFINITIONS = (
					"DEBUG=1",
					"$(inherited)",
				);
				GCC_WARN_64_TO_32_BIT_CONVERSION = YES;
				GCC_WARN_ABOUT_RETURN_TYPE = YES_ERROR;
				GCC_WARN_UNDECLARED_SELECTOR = YES;
				GCC_WARN_UNINITIALIZED_AUTOS = YES_AGGRESSIVE;
				GCC_WARN_UNUSED_FUNCTION = YES;
				GCC_WARN_UNUSED_VARIABLE = YES;
				IPHONEOS_DEPLOYMENT_TARGET = 11.2;
				MTL_ENABLE_DEBUG_INFO = YES;
				ONLY_ACTIVE_ARCH = YES;
				SDKROOT = iphoneos;
				SWIFT_ACTIVE_COMPILATION_CONDITIONS = DEBUG;
				SWIFT_OPTIMIZATION_LEVEL = "-Onone";
			};
			name = Debug;
		};
		3DE07FE91FFF0F31003C95C0 /* Release */ = {
			isa = XCBuildConfiguration;
			buildSettings = {
				ALWAYS_SEARCH_USER_PATHS = NO;
				CLANG_ANALYZER_NONNULL = YES;
				CLANG_ANALYZER_NUMBER_OBJECT_CONVERSION = YES_AGGRESSIVE;
				CLANG_CXX_LANGUAGE_STANDARD = "gnu++14";
				CLANG_CXX_LIBRARY = "libc++";
				CLANG_ENABLE_MODULES = YES;
				CLANG_ENABLE_OBJC_ARC = YES;
				CLANG_WARN_BLOCK_CAPTURE_AUTORELEASING = YES;
				CLANG_WARN_BOOL_CONVERSION = YES;
				CLANG_WARN_COMMA = YES;
				CLANG_WARN_CONSTANT_CONVERSION = YES;
				CLANG_WARN_DIRECT_OBJC_ISA_USAGE = YES_ERROR;
				CLANG_WARN_DOCUMENTATION_COMMENTS = YES;
				CLANG_WARN_EMPTY_BODY = YES;
				CLANG_WARN_ENUM_CONVERSION = YES;
				CLANG_WARN_INFINITE_RECURSION = YES;
				CLANG_WARN_INT_CONVERSION = YES;
				CLANG_WARN_NON_LITERAL_NULL_CONVERSION = YES;
				CLANG_WARN_OBJC_LITERAL_CONVERSION = YES;
				CLANG_WARN_OBJC_ROOT_CLASS = YES_ERROR;
				CLANG_WARN_RANGE_LOOP_ANALYSIS = YES;
				CLANG_WARN_STRICT_PROTOTYPES = YES;
				CLANG_WARN_SUSPICIOUS_MOVE = YES;
				CLANG_WARN_UNGUARDED_AVAILABILITY = YES_AGGRESSIVE;
				CLANG_WARN_UNREACHABLE_CODE = YES;
				CLANG_WARN__DUPLICATE_METHOD_MATCH = YES;
				CODE_SIGN_IDENTITY = "iPhone Developer";
				COPY_PHASE_STRIP = NO;
				DEBUG_INFORMATION_FORMAT = "dwarf-with-dsym";
				ENABLE_NS_ASSERTIONS = NO;
				ENABLE_STRICT_OBJC_MSGSEND = YES;
				GCC_C_LANGUAGE_STANDARD = gnu11;
				GCC_NO_COMMON_BLOCKS = YES;
				GCC_WARN_64_TO_32_BIT_CONVERSION = YES;
				GCC_WARN_ABOUT_RETURN_TYPE = YES_ERROR;
				GCC_WARN_UNDECLARED_SELECTOR = YES;
				GCC_WARN_UNINITIALIZED_AUTOS = YES_AGGRESSIVE;
				GCC_WARN_UNUSED_FUNCTION = YES;
				GCC_WARN_UNUSED_VARIABLE = YES;
				IPHONEOS_DEPLOYMENT_TARGET = 11.2;
				MTL_ENABLE_DEBUG_INFO = NO;
				SDKROOT = iphoneos;
				SWIFT_OPTIMIZATION_LEVEL = "-Owholemodule";
				VALIDATE_PRODUCT = YES;
			};
			name = Release;
		};
		3DE07FEB1FFF0F31003C95C0 /* Debug */ = {
			isa = XCBuildConfiguration;
			buildSettings = {
				ASSETCATALOG_COMPILER_APPICON_NAME = AppIcon;
				CODE_SIGN_STYLE = Automatic;
				INFOPLIST_FILE = "SmartMediaDownloader-Example/Application/Info.plist";
				LD_RUNPATH_SEARCH_PATHS = "$(inherited) @executable_path/Frameworks";
				PRODUCT_BUNDLE_IDENTIFIER = "com.williamboles.SmartMediaDownloader-Example";
				PRODUCT_NAME = "$(TARGET_NAME)";
				SWIFT_VERSION = 4.0;
				TARGETED_DEVICE_FAMILY = "1,2";
			};
			name = Debug;
		};
		3DE07FEC1FFF0F31003C95C0 /* Release */ = {
			isa = XCBuildConfiguration;
			buildSettings = {
				ASSETCATALOG_COMPILER_APPICON_NAME = AppIcon;
				CODE_SIGN_STYLE = Automatic;
				INFOPLIST_FILE = "SmartMediaDownloader-Example/Application/Info.plist";
				LD_RUNPATH_SEARCH_PATHS = "$(inherited) @executable_path/Frameworks";
				PRODUCT_BUNDLE_IDENTIFIER = "com.williamboles.SmartMediaDownloader-Example";
				PRODUCT_NAME = "$(TARGET_NAME)";
				SWIFT_VERSION = 4.0;
				TARGETED_DEVICE_FAMILY = "1,2";
			};
			name = Release;
		};
		3DE07FEE1FFF0F31003C95C0 /* Debug */ = {
			isa = XCBuildConfiguration;
			buildSettings = {
				ALWAYS_EMBED_SWIFT_STANDARD_LIBRARIES = YES;
				BUNDLE_LOADER = "$(TEST_HOST)";
				CODE_SIGN_STYLE = Automatic;
				INFOPLIST_FILE = "SmartMediaDownloader-ExampleTests/Info.plist";
				LD_RUNPATH_SEARCH_PATHS = "$(inherited) @executable_path/Frameworks @loader_path/Frameworks";
				PRODUCT_BUNDLE_IDENTIFIER = "com.williamboles.SmartMediaDownloader-ExampleTests";
				PRODUCT_NAME = "$(TARGET_NAME)";
				SWIFT_VERSION = 4.0;
				TARGETED_DEVICE_FAMILY = "1,2";
				TEST_HOST = "$(BUILT_PRODUCTS_DIR)/SmartMediaDownloader-Example.app/SmartMediaDownloader-Example";
			};
			name = Debug;
		};
		3DE07FEF1FFF0F31003C95C0 /* Release */ = {
			isa = XCBuildConfiguration;
			buildSettings = {
				ALWAYS_EMBED_SWIFT_STANDARD_LIBRARIES = YES;
				BUNDLE_LOADER = "$(TEST_HOST)";
				CODE_SIGN_STYLE = Automatic;
				INFOPLIST_FILE = "SmartMediaDownloader-ExampleTests/Info.plist";
				LD_RUNPATH_SEARCH_PATHS = "$(inherited) @executable_path/Frameworks @loader_path/Frameworks";
				PRODUCT_BUNDLE_IDENTIFIER = "com.williamboles.SmartMediaDownloader-ExampleTests";
				PRODUCT_NAME = "$(TARGET_NAME)";
				SWIFT_VERSION = 4.0;
				TARGETED_DEVICE_FAMILY = "1,2";
				TEST_HOST = "$(BUILT_PRODUCTS_DIR)/SmartMediaDownloader-Example.app/SmartMediaDownloader-Example";
			};
			name = Release;
		};
/* End XCBuildConfiguration section */

/* Begin XCConfigurationList section */
		3DE07FC41FFF0F31003C95C0 /* Build configuration list for PBXProject "SmartMediaDownloader-Example" */ = {
			isa = XCConfigurationList;
			buildConfigurations = (
				3DE07FE81FFF0F31003C95C0 /* Debug */,
				3DE07FE91FFF0F31003C95C0 /* Release */,
			);
			defaultConfigurationIsVisible = 0;
			defaultConfigurationName = Release;
		};
		3DE07FEA1FFF0F31003C95C0 /* Build configuration list for PBXNativeTarget "SmartMediaDownloader-Example" */ = {
			isa = XCConfigurationList;
			buildConfigurations = (
				3DE07FEB1FFF0F31003C95C0 /* Debug */,
				3DE07FEC1FFF0F31003C95C0 /* Release */,
			);
			defaultConfigurationIsVisible = 0;
			defaultConfigurationName = Release;
		};
		3DE07FED1FFF0F31003C95C0 /* Build configuration list for PBXNativeTarget "SmartMediaDownloader-ExampleTests" */ = {
			isa = XCConfigurationList;
			buildConfigurations = (
				3DE07FEE1FFF0F31003C95C0 /* Debug */,
				3DE07FEF1FFF0F31003C95C0 /* Release */,
			);
			defaultConfigurationIsVisible = 0;
			defaultConfigurationName = Release;
		};
/* End XCConfigurationList section */
	};
	rootObject = 3DE07FC11FFF0F31003C95C0 /* Project object */;
}
