// !$*UTF8*$!
{
	archiveVersion = 1;
	classes = {
	};
	objectVersion = 48;
	objects = {

/* Begin PBXBuildFile section */
		3D14764C23A45B1900110035 /* MockURLSession.swift in Sources */ = {isa = PBXBuildFile; fileRef = 3D14764B23A45B1900110035 /* MockURLSession.swift */; };
		3D14764E23A45BB700110035 /* MockURLSessionDownloadTask.swift in Sources */ = {isa = PBXBuildFile; fileRef = 3D14764D23A45BB700110035 /* MockURLSessionDownloadTask.swift */; };
		3D14765023A45DDA00110035 /* MockURLSessionFactory.swift in Sources */ = {isa = PBXBuildFile; fileRef = 3D14764F23A45DDA00110035 /* MockURLSessionFactory.swift */; };
		3D14765223A54CD100110035 /* MockNotificationCenter.swift in Sources */ = {isa = PBXBuildFile; fileRef = 3D14765123A54CD100110035 /* MockNotificationCenter.swift */; };
		3D14765823A66DED00110035 /* AssetDownloadsSessionTests.swift in Sources */ = {isa = PBXBuildFile; fileRef = 3D14765723A66DED00110035 /* AssetDownloadsSessionTests.swift */; };
		3D14765A23A6FD1C00110035 /* Assets.xcassets in Resources */ = {isa = PBXBuildFile; fileRef = 3D14765923A6FD1C00110035 /* Assets.xcassets */; };
		3D2AF9E823BAC6B400A6D999 /* TestError.swift in Sources */ = {isa = PBXBuildFile; fileRef = 3D2AF9E723BAC6B400A6D999 /* TestError.swift */; };
		3D2AFA1F23BB9BA000A6D999 /* square.pdf in Resources */ = {isa = PBXBuildFile; fileRef = 3D2AFA1E23BB9BA000A6D999 /* square.pdf */; };
		3D63CC57204B554700797A82 /* LaunchScreen.storyboard in Resources */ = {isa = PBXBuildFile; fileRef = 3D63CC2D204B554700797A82 /* LaunchScreen.storyboard */; };
		3D63CC58204B554700797A82 /* Main.storyboard in Resources */ = {isa = PBXBuildFile; fileRef = 3D63CC2F204B554700797A82 /* Main.storyboard */; };
		3D63CC5A204B554700797A82 /* NSObject+Name.swift in Sources */ = {isa = PBXBuildFile; fileRef = 3D63CC36204B554700797A82 /* NSObject+Name.swift */; };
		3D63CC5B204B554700797A82 /* AlbumCollectionViewCell.swift in Sources */ = {isa = PBXBuildFile; fileRef = 3D63CC3A204B554700797A82 /* AlbumCollectionViewCell.swift */; };
		3D63CC5C204B554700797A82 /* AlbumsViewController.swift in Sources */ = {isa = PBXBuildFile; fileRef = 3D63CC3B204B554700797A82 /* AlbumsViewController.swift */; };
		3D63CC5D204B554700797A82 /* AlbumViewerTitleView.swift in Sources */ = {isa = PBXBuildFile; fileRef = 3D63CC3D204B554700797A82 /* AlbumViewerTitleView.swift */; };
		3D63CC5E204B554700797A82 /* AlbumViewerViewController.swift in Sources */ = {isa = PBXBuildFile; fileRef = 3D63CC3E204B554700797A82 /* AlbumViewerViewController.swift */; };
		3D63CC5F204B554700797A82 /* AppDelegate.swift in Sources */ = {isa = PBXBuildFile; fileRef = 3D63CC40204B554700797A82 /* AppDelegate.swift */; };
		3DB20F0A23B8283C00B5B6AD /* Parser.swift in Sources */ = {isa = PBXBuildFile; fileRef = 3DB20EF423B8283C00B5B6AD /* Parser.swift */; };
		3DB20F0B23B8283C00B5B6AD /* GalleryAlbumParser.swift in Sources */ = {isa = PBXBuildFile; fileRef = 3DB20EF523B8283C00B5B6AD /* GalleryAlbumParser.swift */; };
		3DB20F0C23B8283C00B5B6AD /* AssetDownloadsSession.swift in Sources */ = {isa = PBXBuildFile; fileRef = 3DB20EF823B8283C00B5B6AD /* AssetDownloadsSession.swift */; };
		3DB20F0F23B8283C00B5B6AD /* AssetDataManager.swift in Sources */ = {isa = PBXBuildFile; fileRef = 3DB20EFB23B8283C00B5B6AD /* AssetDataManager.swift */; };
		3DB20F1023B8283C00B5B6AD /* GalleryDataManager.swift in Sources */ = {isa = PBXBuildFile; fileRef = 3DB20EFC23B8283C00B5B6AD /* GalleryDataManager.swift */; };
		3DB20F1123B8283C00B5B6AD /* URLRequest+HTTPBody.swift in Sources */ = {isa = PBXBuildFile; fileRef = 3DB20F0023B8283C00B5B6AD /* URLRequest+HTTPBody.swift */; };
		3DB20F1223B8283C00B5B6AD /* RequestConfig.swift in Sources */ = {isa = PBXBuildFile; fileRef = 3DB20F0123B8283C00B5B6AD /* RequestConfig.swift */; };
		3DB20F1323B8283C00B5B6AD /* URLRequestFactory.swift in Sources */ = {isa = PBXBuildFile; fileRef = 3DB20F0223B8283C00B5B6AD /* URLRequestFactory.swift */; };
		3DB20F1423B8283C00B5B6AD /* GalleryURLRequestFactory.swift in Sources */ = {isa = PBXBuildFile; fileRef = 3DB20F0323B8283C00B5B6AD /* GalleryURLRequestFactory.swift */; };
		3DB20F1523B8283C00B5B6AD /* URLSessionFactory.swift in Sources */ = {isa = PBXBuildFile; fileRef = 3DB20F0523B8283C00B5B6AD /* URLSessionFactory.swift */; };
		3DB20F1623B8283C00B5B6AD /* GalleryAsset.swift in Sources */ = {isa = PBXBuildFile; fileRef = 3DB20F0723B8283C00B5B6AD /* GalleryAsset.swift */; };
		3DB20F1723B8283C00B5B6AD /* GalleryItem.swift in Sources */ = {isa = PBXBuildFile; fileRef = 3DB20F0823B8283C00B5B6AD /* GalleryItem.swift */; };
		3DB20F1823B8283C00B5B6AD /* GalleryAlbum.swift in Sources */ = {isa = PBXBuildFile; fileRef = 3DB20F0923B8283C00B5B6AD /* GalleryAlbum.swift */; };
/* End PBXBuildFile section */

/* Begin PBXContainerItemProxy section */
		3DE07FE21FFF0F31003C95C0 /* PBXContainerItemProxy */ = {
			isa = PBXContainerItemProxy;
			containerPortal = 3DE07FC11FFF0F31003C95C0 /* Project object */;
			proxyType = 1;
			remoteGlobalIDString = 3DE07FC81FFF0F31003C95C0;
			remoteInfo = "SmartMediaDownloader-Example";
		};
/* End PBXContainerItemProxy section */

/* Begin PBXFileReference section */
		3D14764B23A45B1900110035 /* MockURLSession.swift */ = {isa = PBXFileReference; lastKnownFileType = sourcecode.swift; path = MockURLSession.swift; sourceTree = "<group>"; };
		3D14764D23A45BB700110035 /* MockURLSessionDownloadTask.swift */ = {isa = PBXFileReference; lastKnownFileType = sourcecode.swift; path = MockURLSessionDownloadTask.swift; sourceTree = "<group>"; };
		3D14764F23A45DDA00110035 /* MockURLSessionFactory.swift */ = {isa = PBXFileReference; lastKnownFileType = sourcecode.swift; path = MockURLSessionFactory.swift; sourceTree = "<group>"; };
		3D14765123A54CD100110035 /* MockNotificationCenter.swift */ = {isa = PBXFileReference; lastKnownFileType = sourcecode.swift; path = MockNotificationCenter.swift; sourceTree = "<group>"; };
		3D14765723A66DED00110035 /* AssetDownloadsSessionTests.swift */ = {isa = PBXFileReference; lastKnownFileType = sourcecode.swift; path = AssetDownloadsSessionTests.swift; sourceTree = "<group>"; };
		3D14765923A6FD1C00110035 /* Assets.xcassets */ = {isa = PBXFileReference; lastKnownFileType = folder.assetcatalog; path = Assets.xcassets; sourceTree = "<group>"; };
		3D2AF9E723BAC6B400A6D999 /* TestError.swift */ = {isa = PBXFileReference; lastKnownFileType = sourcecode.swift; path = TestError.swift; sourceTree = "<group>"; };
		3D2AFA1E23BB9BA000A6D999 /* square.pdf */ = {isa = PBXFileReference; lastKnownFileType = image.pdf; path = square.pdf; sourceTree = "<group>"; };
		3D63CC2E204B554700797A82 /* Base */ = {isa = PBXFileReference; lastKnownFileType = file.storyboard; name = Base; path = Base.lproj/LaunchScreen.storyboard; sourceTree = "<group>"; };
		3D63CC30204B554700797A82 /* Base */ = {isa = PBXFileReference; lastKnownFileType = file.storyboard; name = Base; path = Base.lproj/Main.storyboard; sourceTree = "<group>"; };
		3D63CC36204B554700797A82 /* NSObject+Name.swift */ = {isa = PBXFileReference; fileEncoding = 4; lastKnownFileType = sourcecode.swift; path = "NSObject+Name.swift"; sourceTree = "<group>"; };
		3D63CC3A204B554700797A82 /* AlbumCollectionViewCell.swift */ = {isa = PBXFileReference; fileEncoding = 4; lastKnownFileType = sourcecode.swift; path = AlbumCollectionViewCell.swift; sourceTree = "<group>"; };
		3D63CC3B204B554700797A82 /* AlbumsViewController.swift */ = {isa = PBXFileReference; fileEncoding = 4; lastKnownFileType = sourcecode.swift; path = AlbumsViewController.swift; sourceTree = "<group>"; };
		3D63CC3D204B554700797A82 /* AlbumViewerTitleView.swift */ = {isa = PBXFileReference; fileEncoding = 4; lastKnownFileType = sourcecode.swift; path = AlbumViewerTitleView.swift; sourceTree = "<group>"; };
		3D63CC3E204B554700797A82 /* AlbumViewerViewController.swift */ = {isa = PBXFileReference; fileEncoding = 4; lastKnownFileType = sourcecode.swift; path = AlbumViewerViewController.swift; sourceTree = "<group>"; };
		3D63CC40204B554700797A82 /* AppDelegate.swift */ = {isa = PBXFileReference; fileEncoding = 4; lastKnownFileType = sourcecode.swift; path = AppDelegate.swift; sourceTree = "<group>"; };
		3D63CC41204B554700797A82 /* Info.plist */ = {isa = PBXFileReference; fileEncoding = 4; lastKnownFileType = text.plist.xml; path = Info.plist; sourceTree = "<group>"; };
		3D63CC75204B555300797A82 /* Info.plist */ = {isa = PBXFileReference; fileEncoding = 4; lastKnownFileType = text.plist.xml; path = Info.plist; sourceTree = "<group>"; };
		3DB20EF423B8283C00B5B6AD /* Parser.swift */ = {isa = PBXFileReference; fileEncoding = 4; lastKnownFileType = sourcecode.swift; path = Parser.swift; sourceTree = "<group>"; };
		3DB20EF523B8283C00B5B6AD /* GalleryAlbumParser.swift */ = {isa = PBXFileReference; fileEncoding = 4; lastKnownFileType = sourcecode.swift; path = GalleryAlbumParser.swift; sourceTree = "<group>"; };
		3DB20EF823B8283C00B5B6AD /* AssetDownloadsSession.swift */ = {isa = PBXFileReference; fileEncoding = 4; lastKnownFileType = sourcecode.swift; path = AssetDownloadsSession.swift; sourceTree = "<group>"; };
		3DB20EFB23B8283C00B5B6AD /* AssetDataManager.swift */ = {isa = PBXFileReference; fileEncoding = 4; lastKnownFileType = sourcecode.swift; path = AssetDataManager.swift; sourceTree = "<group>"; };
		3DB20EFC23B8283C00B5B6AD /* GalleryDataManager.swift */ = {isa = PBXFileReference; fileEncoding = 4; lastKnownFileType = sourcecode.swift; path = GalleryDataManager.swift; sourceTree = "<group>"; };
		3DB20F0023B8283C00B5B6AD /* URLRequest+HTTPBody.swift */ = {isa = PBXFileReference; fileEncoding = 4; lastKnownFileType = sourcecode.swift; path = "URLRequest+HTTPBody.swift"; sourceTree = "<group>"; };
		3DB20F0123B8283C00B5B6AD /* RequestConfig.swift */ = {isa = PBXFileReference; fileEncoding = 4; lastKnownFileType = sourcecode.swift; path = RequestConfig.swift; sourceTree = "<group>"; };
		3DB20F0223B8283C00B5B6AD /* URLRequestFactory.swift */ = {isa = PBXFileReference; fileEncoding = 4; lastKnownFileType = sourcecode.swift; path = URLRequestFactory.swift; sourceTree = "<group>"; };
		3DB20F0323B8283C00B5B6AD /* GalleryURLRequestFactory.swift */ = {isa = PBXFileReference; fileEncoding = 4; lastKnownFileType = sourcecode.swift; path = GalleryURLRequestFactory.swift; sourceTree = "<group>"; };
		3DB20F0523B8283C00B5B6AD /* URLSessionFactory.swift */ = {isa = PBXFileReference; fileEncoding = 4; lastKnownFileType = sourcecode.swift; path = URLSessionFactory.swift; sourceTree = "<group>"; };
		3DB20F0723B8283C00B5B6AD /* GalleryAsset.swift */ = {isa = PBXFileReference; fileEncoding = 4; lastKnownFileType = sourcecode.swift; path = GalleryAsset.swift; sourceTree = "<group>"; };
		3DB20F0823B8283C00B5B6AD /* GalleryItem.swift */ = {isa = PBXFileReference; fileEncoding = 4; lastKnownFileType = sourcecode.swift; path = GalleryItem.swift; sourceTree = "<group>"; };
		3DB20F0923B8283C00B5B6AD /* GalleryAlbum.swift */ = {isa = PBXFileReference; fileEncoding = 4; lastKnownFileType = sourcecode.swift; path = GalleryAlbum.swift; sourceTree = "<group>"; };
		3DE07FC91FFF0F31003C95C0 /* UnequalDownloads-Example.app */ = {isa = PBXFileReference; explicitFileType = wrapper.application; includeInIndex = 0; path = "UnequalDownloads-Example.app"; sourceTree = BUILT_PRODUCTS_DIR; };
		3DE07FE11FFF0F31003C95C0 /* UnequalDownloads-ExampleTests.xctest */ = {isa = PBXFileReference; explicitFileType = wrapper.cfbundle; includeInIndex = 0; path = "UnequalDownloads-ExampleTests.xctest"; sourceTree = BUILT_PRODUCTS_DIR; };
/* End PBXFileReference section */

/* Begin PBXFrameworksBuildPhase section */
		3DE07FC61FFF0F31003C95C0 /* Frameworks */ = {
			isa = PBXFrameworksBuildPhase;
			buildActionMask = 2147483647;
			files = (
			);
			runOnlyForDeploymentPostprocessing = 0;
		};
		3DE07FDE1FFF0F31003C95C0 /* Frameworks */ = {
			isa = PBXFrameworksBuildPhase;
			buildActionMask = 2147483647;
			files = (
			);
			runOnlyForDeploymentPostprocessing = 0;
		};
/* End PBXFrameworksBuildPhase section */

/* Begin PBXGroup section */
		3D2AF9E923BB5D4B00A6D999 /* Resources */ = {
			isa = PBXGroup;
			children = (
				3D2AFA1E23BB9BA000A6D999 /* square.pdf */,
			);
			path = Resources;
			sourceTree = "<group>";
		};
		3D63CC2B204B554700797A82 /* UnequalDownloads-Example */ = {
			isa = PBXGroup;
			children = (
				3D63CC3F204B554700797A82 /* Application */,
				3DB20EF123B8283C00B5B6AD /* Data */,
				3D63CC34204B554700797A82 /* Extensions */,
				3D63CC31204B554700797A82 /* Resources */,
				3D63CC2C204B554700797A82 /* Storyboards */,
				3D63CC37204B554700797A82 /* ViewControllers */,
			);
			path = "UnequalDownloads-Example";
			sourceTree = "<group>";
		};
		3D63CC2C204B554700797A82 /* Storyboards */ = {
			isa = PBXGroup;
			children = (
				3D63CC2D204B554700797A82 /* LaunchScreen.storyboard */,
				3D63CC2F204B554700797A82 /* Main.storyboard */,
			);
			path = Storyboards;
			sourceTree = "<group>";
		};
		3D63CC31204B554700797A82 /* Resources */ = {
			isa = PBXGroup;
			children = (
				3D14765923A6FD1C00110035 /* Assets.xcassets */,
			);
			path = Resources;
			sourceTree = "<group>";
		};
		3D63CC34204B554700797A82 /* Extensions */ = {
			isa = PBXGroup;
			children = (
				3D63CC35204B554700797A82 /* NSObject */,
			);
			path = Extensions;
			sourceTree = "<group>";
		};
		3D63CC35204B554700797A82 /* NSObject */ = {
			isa = PBXGroup;
			children = (
				3D63CC36204B554700797A82 /* NSObject+Name.swift */,
			);
			path = NSObject;
			sourceTree = "<group>";
		};
		3D63CC37204B554700797A82 /* ViewControllers */ = {
			isa = PBXGroup;
			children = (
				3D63CC38204B554700797A82 /* Albums */,
				3D63CC3C204B554700797A82 /* AlbumViewer */,
			);
			path = ViewControllers;
			sourceTree = "<group>";
		};
		3D63CC38204B554700797A82 /* Albums */ = {
			isa = PBXGroup;
			children = (
				3D63CC39204B554700797A82 /* Cells */,
				3D63CC3B204B554700797A82 /* AlbumsViewController.swift */,
			);
			path = Albums;
			sourceTree = "<group>";
		};
		3D63CC39204B554700797A82 /* Cells */ = {
			isa = PBXGroup;
			children = (
				3D63CC3A204B554700797A82 /* AlbumCollectionViewCell.swift */,
			);
			path = Cells;
			sourceTree = "<group>";
		};
		3D63CC3C204B554700797A82 /* AlbumViewer */ = {
			isa = PBXGroup;
			children = (
				3D63CC3D204B554700797A82 /* AlbumViewerTitleView.swift */,
				3D63CC3E204B554700797A82 /* AlbumViewerViewController.swift */,
			);
			path = AlbumViewer;
			sourceTree = "<group>";
		};
		3D63CC3F204B554700797A82 /* Application */ = {
			isa = PBXGroup;
			children = (
				3D63CC40204B554700797A82 /* AppDelegate.swift */,
				3D63CC41204B554700797A82 /* Info.plist */,
			);
			path = Application;
			sourceTree = "<group>";
		};
		3D63CC6E204B555300797A82 /* UnequalDownloads-ExampleTests */ = {
			isa = PBXGroup;
			children = (
				3D2AF9E923BB5D4B00A6D999 /* Resources */,
				3D63CC72204B555300797A82 /* Helpers */,
				3D63CC75204B555300797A82 /* Info.plist */,
				3D63CC6F204B555300797A82 /* Tests */,
			);
			path = "UnequalDownloads-ExampleTests";
			sourceTree = "<group>";
		};
		3D63CC6F204B555300797A82 /* Tests */ = {
			isa = PBXGroup;
			children = (
				3D14765723A66DED00110035 /* AssetDownloadsSessionTests.swift */,
			);
			path = Tests;
			sourceTree = "<group>";
		};
		3D63CC72204B555300797A82 /* Helpers */ = {
			isa = PBXGroup;
			children = (
				3D14765123A54CD100110035 /* MockNotificationCenter.swift */,
				3D14764B23A45B1900110035 /* MockURLSession.swift */,
				3D14764D23A45BB700110035 /* MockURLSessionDownloadTask.swift */,
				3D14764F23A45DDA00110035 /* MockURLSessionFactory.swift */,
				3D2AF9E723BAC6B400A6D999 /* TestError.swift */,
			);
			path = Helpers;
			sourceTree = "<group>";
		};
		3DB20EF123B8283C00B5B6AD /* Data */ = {
			isa = PBXGroup;
			children = (
				3DB20EF223B8283C00B5B6AD /* Parsers */,
				3DB20EF623B8283C00B5B6AD /* Managers */,
				3DB20EFD23B8283C00B5B6AD /* Factories */,
				3DB20F0623B8283C00B5B6AD /* Model */,
			);
			path = Data;
			sourceTree = "<group>";
		};
		3DB20EF223B8283C00B5B6AD /* Parsers */ = {
			isa = PBXGroup;
			children = (
				3DB20EF323B8283C00B5B6AD /* Abstract */,
				3DB20EF523B8283C00B5B6AD /* GalleryAlbumParser.swift */,
			);
			path = Parsers;
			sourceTree = "<group>";
		};
		3DB20EF323B8283C00B5B6AD /* Abstract */ = {
			isa = PBXGroup;
			children = (
				3DB20EF423B8283C00B5B6AD /* Parser.swift */,
			);
			path = Abstract;
			sourceTree = "<group>";
		};
		3DB20EF623B8283C00B5B6AD /* Managers */ = {
			isa = PBXGroup;
			children = (
				3DB20EF723B8283C00B5B6AD /* Asset */,
				3DB20EFB23B8283C00B5B6AD /* AssetDataManager.swift */,
				3DB20EFC23B8283C00B5B6AD /* GalleryDataManager.swift */,
			);
			path = Managers;
			sourceTree = "<group>";
		};
		3DB20EF723B8283C00B5B6AD /* Asset */ = {
			isa = PBXGroup;
			children = (
				3DB20EF823B8283C00B5B6AD /* AssetDownloadsSession.swift */,
			);
			path = Asset;
			sourceTree = "<group>";
		};
		3DB20EFD23B8283C00B5B6AD /* Factories */ = {
			isa = PBXGroup;
			children = (
				3DB20EFE23B8283C00B5B6AD /* Requests */,
				3DB20F0423B8283C00B5B6AD /* Sessions */,
			);
			path = Factories;
			sourceTree = "<group>";
		};
		3DB20EFE23B8283C00B5B6AD /* Requests */ = {
			isa = PBXGroup;
			children = (
				3DB20EFF23B8283C00B5B6AD /* Abstract */,
				3DB20F0323B8283C00B5B6AD /* GalleryURLRequestFactory.swift */,
			);
			path = Requests;
			sourceTree = "<group>";
		};
		3DB20EFF23B8283C00B5B6AD /* Abstract */ = {
			isa = PBXGroup;
			children = (
				3DB20F0023B8283C00B5B6AD /* URLRequest+HTTPBody.swift */,
				3DB20F0123B8283C00B5B6AD /* RequestConfig.swift */,
				3DB20F0223B8283C00B5B6AD /* URLRequestFactory.swift */,
			);
			path = Abstract;
			sourceTree = "<group>";
		};
		3DB20F0423B8283C00B5B6AD /* Sessions */ = {
			isa = PBXGroup;
			children = (
				3DB20F0523B8283C00B5B6AD /* URLSessionFactory.swift */,
			);
			path = Sessions;
			sourceTree = "<group>";
		};
		3DB20F0623B8283C00B5B6AD /* Model */ = {
			isa = PBXGroup;
			children = (
				3DB20F0723B8283C00B5B6AD /* GalleryAsset.swift */,
				3DB20F0823B8283C00B5B6AD /* GalleryItem.swift */,
				3DB20F0923B8283C00B5B6AD /* GalleryAlbum.swift */,
			);
			path = Model;
			sourceTree = "<group>";
		};
		3DE07FC01FFF0F31003C95C0 = {
			isa = PBXGroup;
			children = (
				3D63CC2B204B554700797A82 /* UnequalDownloads-Example */,
				3D63CC6E204B555300797A82 /* UnequalDownloads-ExampleTests */,
				3DE07FCA1FFF0F31003C95C0 /* Products */,
			);
			sourceTree = "<group>";
		};
		3DE07FCA1FFF0F31003C95C0 /* Products */ = {
			isa = PBXGroup;
			children = (
				3DE07FC91FFF0F31003C95C0 /* UnequalDownloads-Example.app */,
				3DE07FE11FFF0F31003C95C0 /* UnequalDownloads-ExampleTests.xctest */,
			);
			name = Products;
			sourceTree = "<group>";
		};
/* End PBXGroup section */

/* Begin PBXNativeTarget section */
		3DE07FC81FFF0F31003C95C0 /* UnequalDownloads-Example */ = {
			isa = PBXNativeTarget;
			buildConfigurationList = 3DE07FEA1FFF0F31003C95C0 /* Build configuration list for PBXNativeTarget "UnequalDownloads-Example" */;
			buildPhases = (
				3DE07FC51FFF0F31003C95C0 /* Sources */,
				3DE07FC61FFF0F31003C95C0 /* Frameworks */,
				3DE07FC71FFF0F31003C95C0 /* Resources */,
			);
			buildRules = (
			);
			dependencies = (
			);
			name = "UnequalDownloads-Example";
			productName = "SmartMediaDownloader-Example";
			productReference = 3DE07FC91FFF0F31003C95C0 /* UnequalDownloads-Example.app */;
			productType = "com.apple.product-type.application";
		};
		3DE07FE01FFF0F31003C95C0 /* UnequalDownloads-ExampleTests */ = {
			isa = PBXNativeTarget;
			buildConfigurationList = 3DE07FED1FFF0F31003C95C0 /* Build configuration list for PBXNativeTarget "UnequalDownloads-ExampleTests" */;
			buildPhases = (
				3DE07FDD1FFF0F31003C95C0 /* Sources */,
				3DE07FDE1FFF0F31003C95C0 /* Frameworks */,
				3DE07FDF1FFF0F31003C95C0 /* Resources */,
			);
			buildRules = (
			);
			dependencies = (
				3DE07FE31FFF0F31003C95C0 /* PBXTargetDependency */,
			);
			name = "UnequalDownloads-ExampleTests";
			productName = "SmartMediaDownloader-ExampleTests";
			productReference = 3DE07FE11FFF0F31003C95C0 /* UnequalDownloads-ExampleTests.xctest */;
			productType = "com.apple.product-type.bundle.unit-test";
		};
/* End PBXNativeTarget section */

/* Begin PBXProject section */
		3DE07FC11FFF0F31003C95C0 /* Project object */ = {
			isa = PBXProject;
			attributes = {
				LastSwiftUpdateCheck = 0920;
				LastUpgradeCheck = 1130;
				ORGANIZATIONNAME = "William Boles";
				TargetAttributes = {
					3DE07FC81FFF0F31003C95C0 = {
						CreatedOnToolsVersion = 9.2;
						LastSwiftMigration = 1130;
						ProvisioningStyle = Automatic;
					};
					3DE07FE01FFF0F31003C95C0 = {
						CreatedOnToolsVersion = 9.2;
						LastSwiftMigration = 1130;
						ProvisioningStyle = Automatic;
						TestTargetID = 3DE07FC81FFF0F31003C95C0;
					};
				};
			};
			buildConfigurationList = 3DE07FC41FFF0F31003C95C0 /* Build configuration list for PBXProject "UnequalDownloads-Example" */;
			compatibilityVersion = "Xcode 8.0";
			developmentRegion = en;
			hasScannedForEncodings = 0;
			knownRegions = (
				en,
				Base,
			);
			mainGroup = 3DE07FC01FFF0F31003C95C0;
			productRefGroup = 3DE07FCA1FFF0F31003C95C0 /* Products */;
			projectDirPath = "";
			projectRoot = "";
			targets = (
				3DE07FC81FFF0F31003C95C0 /* UnequalDownloads-Example */,
				3DE07FE01FFF0F31003C95C0 /* UnequalDownloads-ExampleTests */,
			);
		};
/* End PBXProject section */

/* Begin PBXResourcesBuildPhase section */
		3DE07FC71FFF0F31003C95C0 /* Resources */ = {
			isa = PBXResourcesBuildPhase;
			buildActionMask = 2147483647;
			files = (
				3D63CC57204B554700797A82 /* LaunchScreen.storyboard in Resources */,
				3D14765A23A6FD1C00110035 /* Assets.xcassets in Resources */,
				3D63CC58204B554700797A82 /* Main.storyboard in Resources */,
			);
			runOnlyForDeploymentPostprocessing = 0;
		};
		3DE07FDF1FFF0F31003C95C0 /* Resources */ = {
			isa = PBXResourcesBuildPhase;
			buildActionMask = 2147483647;
			files = (
				3D2AFA1F23BB9BA000A6D999 /* square.pdf in Resources */,
			);
			runOnlyForDeploymentPostprocessing = 0;
		};
/* End PBXResourcesBuildPhase section */

/* Begin PBXSourcesBuildPhase section */
		3DE07FC51FFF0F31003C95C0 /* Sources */ = {
			isa = PBXSourcesBuildPhase;
			buildActionMask = 2147483647;
			files = (
				3DB20F1623B8283C00B5B6AD /* GalleryAsset.swift in Sources */,
				3DB20F1123B8283C00B5B6AD /* URLRequest+HTTPBody.swift in Sources */,
				3D63CC5F204B554700797A82 /* AppDelegate.swift in Sources */,
				3DB20F1523B8283C00B5B6AD /* URLSessionFactory.swift in Sources */,
				3DB20F0B23B8283C00B5B6AD /* GalleryAlbumParser.swift in Sources */,
				3D63CC5B204B554700797A82 /* AlbumCollectionViewCell.swift in Sources */,
				3DB20F1423B8283C00B5B6AD /* GalleryURLRequestFactory.swift in Sources */,
				3DB20F1223B8283C00B5B6AD /* RequestConfig.swift in Sources */,
				3DB20F1323B8283C00B5B6AD /* URLRequestFactory.swift in Sources */,
				3D63CC5E204B554700797A82 /* AlbumViewerViewController.swift in Sources */,
				3DB20F0C23B8283C00B5B6AD /* AssetDownloadsSession.swift in Sources */,
				3DB20F0F23B8283C00B5B6AD /* AssetDataManager.swift in Sources */,
				3D63CC5D204B554700797A82 /* AlbumViewerTitleView.swift in Sources */,
				3DB20F1723B8283C00B5B6AD /* GalleryItem.swift in Sources */,
				3D63CC5A204B554700797A82 /* NSObject+Name.swift in Sources */,
				3DB20F1823B8283C00B5B6AD /* GalleryAlbum.swift in Sources */,
				3D63CC5C204B554700797A82 /* AlbumsViewController.swift in Sources */,
				3DB20F0A23B8283C00B5B6AD /* Parser.swift in Sources */,
				3DB20F1023B8283C00B5B6AD /* GalleryDataManager.swift in Sources */,
			);
			runOnlyForDeploymentPostprocessing = 0;
		};
		3DE07FDD1FFF0F31003C95C0 /* Sources */ = {
			isa = PBXSourcesBuildPhase;
			buildActionMask = 2147483647;
			files = (
				3D14765823A66DED00110035 /* AssetDownloadsSessionTests.swift in Sources */,
				3D14765223A54CD100110035 /* MockNotificationCenter.swift in Sources */,
				3D14764C23A45B1900110035 /* MockURLSession.swift in Sources */,
				3D2AF9E823BAC6B400A6D999 /* TestError.swift in Sources */,
				3D14765023A45DDA00110035 /* MockURLSessionFactory.swift in Sources */,
				3D14764E23A45BB700110035 /* MockURLSessionDownloadTask.swift in Sources */,
			);
			runOnlyForDeploymentPostprocessing = 0;
		};
/* End PBXSourcesBuildPhase section */

/* Begin PBXTargetDependency section */
		3DE07FE31FFF0F31003C95C0 /* PBXTargetDependency */ = {
			isa = PBXTargetDependency;
			target = 3DE07FC81FFF0F31003C95C0 /* UnequalDownloads-Example */;
			targetProxy = 3DE07FE21FFF0F31003C95C0 /* PBXContainerItemProxy */;
		};
/* End PBXTargetDependency section */

/* Begin PBXVariantGroup section */
		3D63CC2D204B554700797A82 /* LaunchScreen.storyboard */ = {
			isa = PBXVariantGroup;
			children = (
				3D63CC2E204B554700797A82 /* Base */,
			);
			name = LaunchScreen.storyboard;
			sourceTree = "<group>";
		};
		3D63CC2F204B554700797A82 /* Main.storyboard */ = {
			isa = PBXVariantGroup;
			children = (
				3D63CC30204B554700797A82 /* Base */,
			);
			name = Main.storyboard;
			sourceTree = "<group>";
		};
/* End PBXVariantGroup section */

/* Begin XCBuildConfiguration section */
		3DE07FE81FFF0F31003C95C0 /* Debug */ = {
			isa = XCBuildConfiguration;
			buildSettings = {
				ALWAYS_SEARCH_USER_PATHS = NO;
				CLANG_ANALYZER_NONNULL = YES;
				CLANG_ANALYZER_NUMBER_OBJECT_CONVERSION = YES_AGGRESSIVE;
				CLANG_CXX_LANGUAGE_STANDARD = "gnu++14";
				CLANG_CXX_LIBRARY = "libc++";
				CLANG_ENABLE_MODULES = YES;
				CLANG_ENABLE_OBJC_ARC = YES;
				CLANG_WARN_BLOCK_CAPTURE_AUTORELEASING = YES;
				CLANG_WARN_BOOL_CONVERSION = YES;
				CLANG_WARN_COMMA = YES;
				CLANG_WARN_CONSTANT_CONVERSION = YES;
				CLANG_WARN_DEPRECATED_OBJC_IMPLEMENTATIONS = YES;
				CLANG_WARN_DIRECT_OBJC_ISA_USAGE = YES_ERROR;
				CLANG_WARN_DOCUMENTATION_COMMENTS = YES;
				CLANG_WARN_EMPTY_BODY = YES;
				CLANG_WARN_ENUM_CONVERSION = YES;
				CLANG_WARN_INFINITE_RECURSION = YES;
				CLANG_WARN_INT_CONVERSION = YES;
				CLANG_WARN_NON_LITERAL_NULL_CONVERSION = YES;
				CLANG_WARN_OBJC_IMPLICIT_RETAIN_SELF = YES;
				CLANG_WARN_OBJC_LITERAL_CONVERSION = YES;
				CLANG_WARN_OBJC_ROOT_CLASS = YES_ERROR;
				CLANG_WARN_RANGE_LOOP_ANALYSIS = YES;
				CLANG_WARN_STRICT_PROTOTYPES = YES;
				CLANG_WARN_SUSPICIOUS_MOVE = YES;
				CLANG_WARN_UNGUARDED_AVAILABILITY = YES_AGGRESSIVE;
				CLANG_WARN_UNREACHABLE_CODE = YES;
				CLANG_WARN__DUPLICATE_METHOD_MATCH = YES;
				CODE_SIGN_IDENTITY = "iPhone Developer";
				COPY_PHASE_STRIP = NO;
				DEBUG_INFORMATION_FORMAT = dwarf;
				ENABLE_STRICT_OBJC_MSGSEND = YES;
				ENABLE_TESTABILITY = YES;
				GCC_C_LANGUAGE_STANDARD = gnu11;
				GCC_DYNAMIC_NO_PIC = NO;
				GCC_NO_COMMON_BLOCKS = YES;
				GCC_OPTIMIZATION_LEVEL = 0;
				GCC_PREPROCESSOR_DEFINITIONS = (
					"DEBUG=1",
					"$(inherited)",
				);
				GCC_WARN_64_TO_32_BIT_CONVERSION = YES;
				GCC_WARN_ABOUT_RETURN_TYPE = YES_ERROR;
				GCC_WARN_UNDECLARED_SELECTOR = YES;
				GCC_WARN_UNINITIALIZED_AUTOS = YES_AGGRESSIVE;
				GCC_WARN_UNUSED_FUNCTION = YES;
				GCC_WARN_UNUSED_VARIABLE = YES;
				IPHONEOS_DEPLOYMENT_TARGET = 13.0;
				MTL_ENABLE_DEBUG_INFO = YES;
				ONLY_ACTIVE_ARCH = YES;
				SDKROOT = iphoneos;
				SWIFT_ACTIVE_COMPILATION_CONDITIONS = DEBUG;
				SWIFT_OPTIMIZATION_LEVEL = "-Onone";
				SWIFT_VERSION = 5.0;
			};
			name = Debug;
		};
		3DE07FE91FFF0F31003C95C0 /* Release */ = {
			isa = XCBuildConfiguration;
			buildSettings = {
				ALWAYS_SEARCH_USER_PATHS = NO;
				CLANG_ANALYZER_NONNULL = YES;
				CLANG_ANALYZER_NUMBER_OBJECT_CONVERSION = YES_AGGRESSIVE;
				CLANG_CXX_LANGUAGE_STANDARD = "gnu++14";
				CLANG_CXX_LIBRARY = "libc++";
				CLANG_ENABLE_MODULES = YES;
				CLANG_ENABLE_OBJC_ARC = YES;
				CLANG_WARN_BLOCK_CAPTURE_AUTORELEASING = YES;
				CLANG_WARN_BOOL_CONVERSION = YES;
				CLANG_WARN_COMMA = YES;
				CLANG_WARN_CONSTANT_CONVERSION = YES;
				CLANG_WARN_DEPRECATED_OBJC_IMPLEMENTATIONS = YES;
				CLANG_WARN_DIRECT_OBJC_ISA_USAGE = YES_ERROR;
				CLANG_WARN_DOCUMENTATION_COMMENTS = YES;
				CLANG_WARN_EMPTY_BODY = YES;
				CLANG_WARN_ENUM_CONVERSION = YES;
				CLANG_WARN_INFINITE_RECURSION = YES;
				CLANG_WARN_INT_CONVERSION = YES;
				CLANG_WARN_NON_LITERAL_NULL_CONVERSION = YES;
				CLANG_WARN_OBJC_IMPLICIT_RETAIN_SELF = YES;
				CLANG_WARN_OBJC_LITERAL_CONVERSION = YES;
				CLANG_WARN_OBJC_ROOT_CLASS = YES_ERROR;
				CLANG_WARN_RANGE_LOOP_ANALYSIS = YES;
				CLANG_WARN_STRICT_PROTOTYPES = YES;
				CLANG_WARN_SUSPICIOUS_MOVE = YES;
				CLANG_WARN_UNGUARDED_AVAILABILITY = YES_AGGRESSIVE;
				CLANG_WARN_UNREACHABLE_CODE = YES;
				CLANG_WARN__DUPLICATE_METHOD_MATCH = YES;
				CODE_SIGN_IDENTITY = "iPhone Developer";
				COPY_PHASE_STRIP = NO;
				DEBUG_INFORMATION_FORMAT = "dwarf-with-dsym";
				ENABLE_NS_ASSERTIONS = NO;
				ENABLE_STRICT_OBJC_MSGSEND = YES;
				GCC_C_LANGUAGE_STANDARD = gnu11;
				GCC_NO_COMMON_BLOCKS = YES;
				GCC_WARN_64_TO_32_BIT_CONVERSION = YES;
				GCC_WARN_ABOUT_RETURN_TYPE = YES_ERROR;
				GCC_WARN_UNDECLARED_SELECTOR = YES;
				GCC_WARN_UNINITIALIZED_AUTOS = YES_AGGRESSIVE;
				GCC_WARN_UNUSED_FUNCTION = YES;
				GCC_WARN_UNUSED_VARIABLE = YES;
				IPHONEOS_DEPLOYMENT_TARGET = 13.0;
				MTL_ENABLE_DEBUG_INFO = NO;
				SDKROOT = iphoneos;
				SWIFT_OPTIMIZATION_LEVEL = "-Owholemodule";
				SWIFT_VERSION = 5.0;
				VALIDATE_PRODUCT = YES;
			};
			name = Release;
		};
		3DE07FEB1FFF0F31003C95C0 /* Debug */ = {
			isa = XCBuildConfiguration;
			buildSettings = {
				ASSETCATALOG_COMPILER_APPICON_NAME = AppIcon;
				CODE_SIGN_STYLE = Automatic;
				INFOPLIST_FILE = "UnequalDownloads-Example/Application/Info.plist";
				LD_RUNPATH_SEARCH_PATHS = "$(inherited) @executable_path/Frameworks";
				PRODUCT_BUNDLE_IDENTIFIER = "com.williamboles.UnequalDownloads-Example";
				PRODUCT_NAME = "$(TARGET_NAME)";
				SWIFT_VERSION = 5.0;
				TARGETED_DEVICE_FAMILY = "1,2";
			};
			name = Debug;
		};
		3DE07FEC1FFF0F31003C95C0 /* Release */ = {
			isa = XCBuildConfiguration;
			buildSettings = {
				ASSETCATALOG_COMPILER_APPICON_NAME = AppIcon;
				CODE_SIGN_STYLE = Automatic;
				INFOPLIST_FILE = "UnequalDownloads-Example/Application/Info.plist";
				LD_RUNPATH_SEARCH_PATHS = "$(inherited) @executable_path/Frameworks";
				PRODUCT_BUNDLE_IDENTIFIER = "com.williamboles.UnequalDownloads-Example";
				PRODUCT_NAME = "$(TARGET_NAME)";
				SWIFT_VERSION = 5.0;
				TARGETED_DEVICE_FAMILY = "1,2";
			};
			name = Release;
		};
		3DE07FEE1FFF0F31003C95C0 /* Debug */ = {
			isa = XCBuildConfiguration;
			buildSettings = {
				ALWAYS_EMBED_SWIFT_STANDARD_LIBRARIES = YES;
				BUNDLE_LOADER = "$(TEST_HOST)";
				CODE_SIGN_STYLE = Automatic;
				INFOPLIST_FILE = "UnequalDownloads-ExampleTests/Info.plist";
				LD_RUNPATH_SEARCH_PATHS = "$(inherited) @executable_path/Frameworks @loader_path/Frameworks";
				PRODUCT_BUNDLE_IDENTIFIER = "com.williamboles.UnequalDownloads-ExampleTests";
				PRODUCT_NAME = "$(TARGET_NAME)";
				SWIFT_VERSION = 5.0;
				TARGETED_DEVICE_FAMILY = "1,2";
				TEST_HOST = "$(BUILT_PRODUCTS_DIR)/UnequalDownloads-Example.app/UnequalDownloads-Example";
			};
			name = Debug;
		};
		3DE07FEF1FFF0F31003C95C0 /* Release */ = {
			isa = XCBuildConfiguration;
			buildSettings = {
				ALWAYS_EMBED_SWIFT_STANDARD_LIBRARIES = YES;
				BUNDLE_LOADER = "$(TEST_HOST)";
				CODE_SIGN_STYLE = Automatic;
				INFOPLIST_FILE = "UnequalDownloads-ExampleTests/Info.plist";
				LD_RUNPATH_SEARCH_PATHS = "$(inherited) @executable_path/Frameworks @loader_path/Frameworks";
				PRODUCT_BUNDLE_IDENTIFIER = "com.williamboles.UnequalDownloads-ExampleTests";
				PRODUCT_NAME = "$(TARGET_NAME)";
				SWIFT_VERSION = 5.0;
				TARGETED_DEVICE_FAMILY = "1,2";
				TEST_HOST = "$(BUILT_PRODUCTS_DIR)/UnequalDownloads-Example.app/UnequalDownloads-Example";
			};
			name = Release;
		};
/* End XCBuildConfiguration section */

/* Begin XCConfigurationList section */
		3DE07FC41FFF0F31003C95C0 /* Build configuration list for PBXProject "UnequalDownloads-Example" */ = {
			isa = XCConfigurationList;
			buildConfigurations = (
				3DE07FE81FFF0F31003C95C0 /* Debug */,
				3DE07FE91FFF0F31003C95C0 /* Release */,
			);
			defaultConfigurationIsVisible = 0;
			defaultConfigurationName = Release;
		};
		3DE07FEA1FFF0F31003C95C0 /* Build configuration list for PBXNativeTarget "UnequalDownloads-Example" */ = {
			isa = XCConfigurationList;
			buildConfigurations = (
				3DE07FEB1FFF0F31003C95C0 /* Debug */,
				3DE07FEC1FFF0F31003C95C0 /* Release */,
			);
			defaultConfigurationIsVisible = 0;
			defaultConfigurationName = Release;
		};
		3DE07FED1FFF0F31003C95C0 /* Build configuration list for PBXNativeTarget "UnequalDownloads-ExampleTests" */ = {
			isa = XCConfigurationList;
			buildConfigurations = (
				3DE07FEE1FFF0F31003C95C0 /* Debug */,
				3DE07FEF1FFF0F31003C95C0 /* Release */,
			);
			defaultConfigurationIsVisible = 0;
			defaultConfigurationName = Release;
		};
/* End XCConfigurationList section */
	};
	rootObject = 3DE07FC11FFF0F31003C95C0 /* Project object */;
}
